// !$*UTF8*$!
{
	archiveVersion = 1;
	classes = {
	};
	objectVersion = 56;
	objects = {

/* Begin PBXBuildFile section */
		31002F5A2B804C6D00CCBCFD /* MyBackButton.swift in Sources */ = {isa = PBXBuildFile; fileRef = 31002F592B804C6D00CCBCFD /* MyBackButton.swift */; };
		31002F5C2B804EC300CCBCFD /* PullToRefresh.swift in Sources */ = {isa = PBXBuildFile; fileRef = 31002F5B2B804EC300CCBCFD /* PullToRefresh.swift */; };
		31002F5E2B80510800CCBCFD /* HomePageTableView.swift in Sources */ = {isa = PBXBuildFile; fileRef = 31002F5D2B80510800CCBCFD /* HomePageTableView.swift */; };
		310798162B8101B00000CCDA /* Shimmering.swift in Sources */ = {isa = PBXBuildFile; fileRef = 310798152B8101B00000CCDA /* Shimmering.swift */; };
		310798182B8104C10000CCDA /* RedactedShimmer.swift in Sources */ = {isa = PBXBuildFile; fileRef = 310798172B8104C10000CCDA /* RedactedShimmer.swift */; };
		314C3EDE2B7FA3E6009748B8 /* PropertyDetailScreen.swift in Sources */ = {isa = PBXBuildFile; fileRef = 314C3EDD2B7FA3E6009748B8 /* PropertyDetailScreen.swift */; };
		314C3EE22B7FDFF1009748B8 /* View+OnLoad.swift in Sources */ = {isa = PBXBuildFile; fileRef = 314C3EE12B7FDFF1009748B8 /* View+OnLoad.swift */; };
		314C3EE42B7FE25E009748B8 /* LoadImages.swift in Sources */ = {isa = PBXBuildFile; fileRef = 314C3EE32B7FE25E009748B8 /* LoadImages.swift */; };
		314C3EE62B7FE380009748B8 /* LoadPropertyDetailsImage.swift in Sources */ = {isa = PBXBuildFile; fileRef = 314C3EE52B7FE380009748B8 /* LoadPropertyDetailsImage.swift */; };
		314C3EE92B800DD0009748B8 /* HWRealmManager.swift in Sources */ = {isa = PBXBuildFile; fileRef = 314C3EE82B800DD0009748B8 /* HWRealmManager.swift */; };
		314C3EEB2B801DC1009748B8 /* PaymentMethods.swift in Sources */ = {isa = PBXBuildFile; fileRef = 314C3EEA2B801DC1009748B8 /* PaymentMethods.swift */; };
		314C3EED2B801EAE009748B8 /* PaymentMethodScrollView.swift in Sources */ = {isa = PBXBuildFile; fileRef = 314C3EEC2B801EAE009748B8 /* PaymentMethodScrollView.swift */; };
		3193598D2B80AE1200229DE5 /* IndexPage.swift in Sources */ = {isa = PBXBuildFile; fileRef = 3193598C2B80AE1200229DE5 /* IndexPage.swift */; };
		319359942B80B3D800229DE5 /* TitleView.swift in Sources */ = {isa = PBXBuildFile; fileRef = 319359932B80B3D800229DE5 /* TitleView.swift */; };
		319359962B80C01200229DE5 /* AddressView.swift in Sources */ = {isa = PBXBuildFile; fileRef = 319359952B80C01200229DE5 /* AddressView.swift */; };
		319359982B80C0B100229DE5 /* DescriptionView.swift in Sources */ = {isa = PBXBuildFile; fileRef = 319359972B80C0B100229DE5 /* DescriptionView.swift */; };
		3193599A2B80C18400229DE5 /* OverallRatingView.swift in Sources */ = {isa = PBXBuildFile; fileRef = 319359992B80C18400229DE5 /* OverallRatingView.swift */; };
		3193599C2B80C64A00229DE5 /* PropertyListScrollView.swift in Sources */ = {isa = PBXBuildFile; fileRef = 3193599B2B80C64A00229DE5 /* PropertyListScrollView.swift */; };
		3193599F2B80CAE000229DE5 /* Property.json in Resources */ = {isa = PBXBuildFile; fileRef = 3193599E2B80CAE000229DE5 /* Property.json */; };
		319359A12B80CB2900229DE5 /* PropertyList.json in Resources */ = {isa = PBXBuildFile; fileRef = 319359A02B80CB2900229DE5 /* PropertyList.json */; };
		319359A42B80E10200229DE5 /* NetworkManagerMock.swift in Sources */ = {isa = PBXBuildFile; fileRef = 319359A32B80E10200229DE5 /* NetworkManagerMock.swift */; };
		319359A62B80E22000229DE5 /* LocalJSONDecoder.swift in Sources */ = {isa = PBXBuildFile; fileRef = 319359A52B80E22000229DE5 /* LocalJSONDecoder.swift */; };
		319359A92B80E52900229DE5 /* PropertyListViewModelTest.swift in Sources */ = {isa = PBXBuildFile; fileRef = 319359A82B80E52900229DE5 /* PropertyListViewModelTest.swift */; };
		31BE93042B7E9CD3003981E2 /* APIConstants.swift in Sources */ = {isa = PBXBuildFile; fileRef = 31BE93032B7E9CD3003981E2 /* APIConstants.swift */; };
		31BE93072B7E9F51003981E2 /* HWEndpoints.swift in Sources */ = {isa = PBXBuildFile; fileRef = 31BE93062B7E9F51003981E2 /* HWEndpoints.swift */; };
		31BE930A2B7E9FED003981E2 /* EndPointType.swift in Sources */ = {isa = PBXBuildFile; fileRef = 31BE93092B7E9FED003981E2 /* EndPointType.swift */; };
		31BE930C2B7EA01C003981E2 /* HTTPMethod.swift in Sources */ = {isa = PBXBuildFile; fileRef = 31BE930B2B7EA01C003981E2 /* HTTPMethod.swift */; };
		31BE930E2B7EA04F003981E2 /* HTTPTask.swift in Sources */ = {isa = PBXBuildFile; fileRef = 31BE930D2B7EA04F003981E2 /* HTTPTask.swift */; };
		31BE93102B7EA07F003981E2 /* NetworkLogger.swift in Sources */ = {isa = PBXBuildFile; fileRef = 31BE930F2B7EA07F003981E2 /* NetworkLogger.swift */; };
		31BE93132B7EA0E9003981E2 /* URLParameterEncoding.swift in Sources */ = {isa = PBXBuildFile; fileRef = 31BE93122B7EA0E9003981E2 /* URLParameterEncoding.swift */; };
		31BE93152B7EA118003981E2 /* ParameterEncoding.swift in Sources */ = {isa = PBXBuildFile; fileRef = 31BE93142B7EA118003981E2 /* ParameterEncoding.swift */; };
		31BE93172B7EA1D7003981E2 /* JSONParameterEncoder.swift in Sources */ = {isa = PBXBuildFile; fileRef = 31BE93162B7EA1D7003981E2 /* JSONParameterEncoder.swift */; };
		31BE93192B7EA592003981E2 /* Router.swift in Sources */ = {isa = PBXBuildFile; fileRef = 31BE93182B7EA592003981E2 /* Router.swift */; };
		31BE931D2B7EA93A003981E2 /* NetworkManager.swift in Sources */ = {isa = PBXBuildFile; fileRef = 31BE931C2B7EA93A003981E2 /* NetworkManager.swift */; };
		31BE931F2B7EA952003981E2 /* NetworkManagerProtocol.swift in Sources */ = {isa = PBXBuildFile; fileRef = 31BE931E2B7EA952003981E2 /* NetworkManagerProtocol.swift */; };
		31BE93222B7EAA95003981E2 /* CityProperties.swift in Sources */ = {isa = PBXBuildFile; fileRef = 31BE93212B7EAA95003981E2 /* CityProperties.swift */; };
		31BE93252B7EAB28003981E2 /* Realm in Frameworks */ = {isa = PBXBuildFile; productRef = 31BE93242B7EAB28003981E2 /* Realm */; };
		31BE93272B7EAB28003981E2 /* RealmSwift in Frameworks */ = {isa = PBXBuildFile; productRef = 31BE93262B7EAB28003981E2 /* RealmSwift */; };
		31BE93292B7EAB8C003981E2 /* CityProperty.swift in Sources */ = {isa = PBXBuildFile; fileRef = 31BE93282B7EAB8C003981E2 /* CityProperty.swift */; };
		31BE932B2B7EABFF003981E2 /* City.swift in Sources */ = {isa = PBXBuildFile; fileRef = 31BE932A2B7EABFF003981E2 /* City.swift */; };
		31BE932D2B7EAC6F003981E2 /* PropertyImage.swift in Sources */ = {isa = PBXBuildFile; fileRef = 31BE932C2B7EAC6F003981E2 /* PropertyImage.swift */; };
		31BE932F2B7EACD2003981E2 /* OverallRating.swift in Sources */ = {isa = PBXBuildFile; fileRef = 31BE932E2B7EACD2003981E2 /* OverallRating.swift */; };
		31BE93332B7EB0E5003981E2 /* Decodable+Extension.swift in Sources */ = {isa = PBXBuildFile; fileRef = 31BE93322B7EB0E5003981E2 /* Decodable+Extension.swift */; };
		31BE93362B7EB158003981E2 /* SingleProperty.swift in Sources */ = {isa = PBXBuildFile; fileRef = 31BE93352B7EB158003981E2 /* SingleProperty.swift */; };
		31BE93382B7EB3E9003981E2 /* CheckIn.swift in Sources */ = {isa = PBXBuildFile; fileRef = 31BE93372B7EB3E9003981E2 /* CheckIn.swift */; };
		31BE933C2B7EB7A0003981E2 /* Rating.swift in Sources */ = {isa = PBXBuildFile; fileRef = 31BE933B2B7EB7A0003981E2 /* Rating.swift */; };
		31BE933F2B7EBA31003981E2 /* PropertiesViewModel.swift in Sources */ = {isa = PBXBuildFile; fileRef = 31BE933E2B7EBA31003981E2 /* PropertiesViewModel.swift */; };
		31BE93422B7F4DC8003981E2 /* PropertiesResponse.swift in Sources */ = {isa = PBXBuildFile; fileRef = 31BE93412B7F4DC8003981E2 /* PropertiesResponse.swift */; };
		31BE93452B7F543C003981E2 /* PropertiesCellView.swift in Sources */ = {isa = PBXBuildFile; fileRef = 31BE93442B7F543C003981E2 /* PropertiesCellView.swift */; };
		31BE93472B7F5AEB003981E2 /* UIColor+HexStringHelper.swift in Sources */ = {isa = PBXBuildFile; fileRef = 31BE93462B7F5AEB003981E2 /* UIColor+HexStringHelper.swift */; };
		31BE934B2B7F6510003981E2 /* VerticalImageView.swift in Sources */ = {isa = PBXBuildFile; fileRef = 31BE934A2B7F6510003981E2 /* VerticalImageView.swift */; };
		31BE934D2B7F88E4003981E2 /* FontConstants.swift in Sources */ = {isa = PBXBuildFile; fileRef = 31BE934C2B7F88E4003981E2 /* FontConstants.swift */; };
		31BE93752B7F894C003981E2 /* Effra-BoldItalic.ttf in Resources */ = {isa = PBXBuildFile; fileRef = 31BE93522B7F894C003981E2 /* Effra-BoldItalic.ttf */; };
		31BE93772B7F894C003981E2 /* Effra-Regular.ttf in Resources */ = {isa = PBXBuildFile; fileRef = 31BE93542B7F894C003981E2 /* Effra-Regular.ttf */; };
		31BE93782B7F894C003981E2 /* Effra-Bold.ttf in Resources */ = {isa = PBXBuildFile; fileRef = 31BE93552B7F894C003981E2 /* Effra-Bold.ttf */; };
		31BE93792B7F894C003981E2 /* Effra-Italic.ttf in Resources */ = {isa = PBXBuildFile; fileRef = 31BE93562B7F894C003981E2 /* Effra-Italic.ttf */; };
		31BE937B2B7F894C003981E2 /* EffraLight-Italic.ttf in Resources */ = {isa = PBXBuildFile; fileRef = 31BE93592B7F894C003981E2 /* EffraLight-Italic.ttf */; };
		31BE937C2B7F894C003981E2 /* EffraLight-Regular.ttf in Resources */ = {isa = PBXBuildFile; fileRef = 31BE935A2B7F894C003981E2 /* EffraLight-Regular.ttf */; };
		31BE937D2B7F894C003981E2 /* EffraHeavy-Regular.ttf in Resources */ = {isa = PBXBuildFile; fileRef = 31BE935C2B7F894C003981E2 /* EffraHeavy-Regular.ttf */; };
		31BE937E2B7F894C003981E2 /* EffraHeavy-Italic.ttf in Resources */ = {isa = PBXBuildFile; fileRef = 31BE935D2B7F894C003981E2 /* EffraHeavy-Italic.ttf */; };
		31BE93812B7F894C003981E2 /* EffraMedium-Regular.ttf in Resources */ = {isa = PBXBuildFile; fileRef = 31BE93612B7F894C003981E2 /* EffraMedium-Regular.ttf */; };
		31BE93822B7F894C003981E2 /* EffraMedium-Italic.ttf in Resources */ = {isa = PBXBuildFile; fileRef = 31BE93622B7F894C003981E2 /* EffraMedium-Italic.ttf */; };
		31BE93832B7F894C003981E2 /* Univers-CondensedLight.ttf in Resources */ = {isa = PBXBuildFile; fileRef = 31BE93642B7F894C003981E2 /* Univers-CondensedLight.ttf */; };
		31BE93842B7F894C003981E2 /* Univers-Light.ttf in Resources */ = {isa = PBXBuildFile; fileRef = 31BE93652B7F894C003981E2 /* Univers-Light.ttf */; };
		31BE93852B7F894C003981E2 /* Univers-Bold.ttf in Resources */ = {isa = PBXBuildFile; fileRef = 31BE93662B7F894C003981E2 /* Univers-Bold.ttf */; };
		31BE93862B7F894C003981E2 /* Univers-CondensedBold.ttf in Resources */ = {isa = PBXBuildFile; fileRef = 31BE93672B7F894C003981E2 /* Univers-CondensedBold.ttf */; };
		31BE93872B7F894C003981E2 /* Univers-Condensed.ttf in Resources */ = {isa = PBXBuildFile; fileRef = 31BE93682B7F894C003981E2 /* Univers-Condensed.ttf */; };
		31BE93882B7F894C003981E2 /* Univers.ttf in Resources */ = {isa = PBXBuildFile; fileRef = 31BE93692B7F894C003981E2 /* Univers.ttf */; };
		31BE93892B7F894C003981E2 /* Univers-BlackOblique.ttf in Resources */ = {isa = PBXBuildFile; fileRef = 31BE936A2B7F894C003981E2 /* Univers-BlackOblique.ttf */; };
		31BE938A2B7F894C003981E2 /* Univers-Oblique.ttf in Resources */ = {isa = PBXBuildFile; fileRef = 31BE936B2B7F894C003981E2 /* Univers-Oblique.ttf */; };
		31BE938B2B7F894C003981E2 /* Univers-BoldOblique.ttf in Resources */ = {isa = PBXBuildFile; fileRef = 31BE936C2B7F894C003981E2 /* Univers-BoldOblique.ttf */; };
		31BE938C2B7F894C003981E2 /* Univers-CondensedOblique.ttf in Resources */ = {isa = PBXBuildFile; fileRef = 31BE936D2B7F894C003981E2 /* Univers-CondensedOblique.ttf */; };
		31BE938D2B7F894C003981E2 /* Univers-CondensedBoldOblique.ttf in Resources */ = {isa = PBXBuildFile; fileRef = 31BE936E2B7F894C003981E2 /* Univers-CondensedBoldOblique.ttf */; };
		31BE938E2B7F894C003981E2 /* Univers-CondensedLightOblique.ttf in Resources */ = {isa = PBXBuildFile; fileRef = 31BE936F2B7F894C003981E2 /* Univers-CondensedLightOblique.ttf */; };
		31BE938F2B7F894C003981E2 /* Univers-LightOblique.ttf in Resources */ = {isa = PBXBuildFile; fileRef = 31BE93702B7F894C003981E2 /* Univers-LightOblique.ttf */; };
		31BE93902B7F894C003981E2 /* Univers-Black.ttf in Resources */ = {isa = PBXBuildFile; fileRef = 31BE93712B7F894C003981E2 /* Univers-Black.ttf */; };
		31BE93912B7F894C003981E2 /* Montserrat-Bold.ttf in Resources */ = {isa = PBXBuildFile; fileRef = 31BE93732B7F894C003981E2 /* Montserrat-Bold.ttf */; };
		31BE93922B7F894C003981E2 /* Montserrat-Regular.ttf in Resources */ = {isa = PBXBuildFile; fileRef = 31BE93742B7F894C003981E2 /* Montserrat-Regular.ttf */; };
		31FE20232B7E9A8F000F167E /* HostelWorldApp.swift in Sources */ = {isa = PBXBuildFile; fileRef = 31FE20222B7E9A8F000F167E /* HostelWorldApp.swift */; };
		31FE20252B7E9A8F000F167E /* ContentView.swift in Sources */ = {isa = PBXBuildFile; fileRef = 31FE20242B7E9A8F000F167E /* ContentView.swift */; };
		31FE20272B7E9A92000F167E /* Assets.xcassets in Resources */ = {isa = PBXBuildFile; fileRef = 31FE20262B7E9A92000F167E /* Assets.xcassets */; };
		31FE202A2B7E9A92000F167E /* Preview Assets.xcassets in Resources */ = {isa = PBXBuildFile; fileRef = 31FE20292B7E9A92000F167E /* Preview Assets.xcassets */; };
		31FE20342B7E9A92000F167E /* HostelWorldTests.swift in Sources */ = {isa = PBXBuildFile; fileRef = 31FE20332B7E9A92000F167E /* HostelWorldTests.swift */; };
		31FE203E2B7E9A92000F167E /* HostelWorldUITests.swift in Sources */ = {isa = PBXBuildFile; fileRef = 31FE203D2B7E9A92000F167E /* HostelWorldUITests.swift */; };
		31FE20402B7E9A92000F167E /* HostelWorldUITestsLaunchTests.swift in Sources */ = {isa = PBXBuildFile; fileRef = 31FE203F2B7E9A92000F167E /* HostelWorldUITestsLaunchTests.swift */; };
/* End PBXBuildFile section */

/* Begin PBXContainerItemProxy section */
		31FE20302B7E9A92000F167E /* PBXContainerItemProxy */ = {
			isa = PBXContainerItemProxy;
			containerPortal = 31FE20172B7E9A8F000F167E /* Project object */;
			proxyType = 1;
			remoteGlobalIDString = 31FE201E2B7E9A8F000F167E;
			remoteInfo = HostelWorld;
		};
		31FE203A2B7E9A92000F167E /* PBXContainerItemProxy */ = {
			isa = PBXContainerItemProxy;
			containerPortal = 31FE20172B7E9A8F000F167E /* Project object */;
			proxyType = 1;
			remoteGlobalIDString = 31FE201E2B7E9A8F000F167E;
			remoteInfo = HostelWorld;
		};
/* End PBXContainerItemProxy section */

/* Begin PBXFileReference section */
		31002F592B804C6D00CCBCFD /* MyBackButton.swift */ = {isa = PBXFileReference; lastKnownFileType = sourcecode.swift; path = MyBackButton.swift; sourceTree = "<group>"; };
		31002F5B2B804EC300CCBCFD /* PullToRefresh.swift */ = {isa = PBXFileReference; lastKnownFileType = sourcecode.swift; path = PullToRefresh.swift; sourceTree = "<group>"; };
		31002F5D2B80510800CCBCFD /* HomePageTableView.swift */ = {isa = PBXFileReference; lastKnownFileType = sourcecode.swift; path = HomePageTableView.swift; sourceTree = "<group>"; };
		310798152B8101B00000CCDA /* Shimmering.swift */ = {isa = PBXFileReference; fileEncoding = 4; lastKnownFileType = sourcecode.swift; path = Shimmering.swift; sourceTree = "<group>"; };
		310798172B8104C10000CCDA /* RedactedShimmer.swift */ = {isa = PBXFileReference; fileEncoding = 4; lastKnownFileType = sourcecode.swift; path = RedactedShimmer.swift; sourceTree = "<group>"; };
		314C3EDD2B7FA3E6009748B8 /* PropertyDetailScreen.swift */ = {isa = PBXFileReference; lastKnownFileType = sourcecode.swift; path = PropertyDetailScreen.swift; sourceTree = "<group>"; };
		314C3EE12B7FDFF1009748B8 /* View+OnLoad.swift */ = {isa = PBXFileReference; lastKnownFileType = sourcecode.swift; path = "View+OnLoad.swift"; sourceTree = "<group>"; };
		314C3EE32B7FE25E009748B8 /* LoadImages.swift */ = {isa = PBXFileReference; lastKnownFileType = sourcecode.swift; path = LoadImages.swift; sourceTree = "<group>"; };
		314C3EE52B7FE380009748B8 /* LoadPropertyDetailsImage.swift */ = {isa = PBXFileReference; lastKnownFileType = sourcecode.swift; path = LoadPropertyDetailsImage.swift; sourceTree = "<group>"; };
		314C3EE82B800DD0009748B8 /* HWRealmManager.swift */ = {isa = PBXFileReference; lastKnownFileType = sourcecode.swift; path = HWRealmManager.swift; sourceTree = "<group>"; };
		314C3EEA2B801DC1009748B8 /* PaymentMethods.swift */ = {isa = PBXFileReference; lastKnownFileType = sourcecode.swift; path = PaymentMethods.swift; sourceTree = "<group>"; };
		314C3EEC2B801EAE009748B8 /* PaymentMethodScrollView.swift */ = {isa = PBXFileReference; lastKnownFileType = sourcecode.swift; path = PaymentMethodScrollView.swift; sourceTree = "<group>"; };
		3193598C2B80AE1200229DE5 /* IndexPage.swift */ = {isa = PBXFileReference; lastKnownFileType = sourcecode.swift; path = IndexPage.swift; sourceTree = "<group>"; };
		319359932B80B3D800229DE5 /* TitleView.swift */ = {isa = PBXFileReference; lastKnownFileType = sourcecode.swift; path = TitleView.swift; sourceTree = "<group>"; };
		319359952B80C01200229DE5 /* AddressView.swift */ = {isa = PBXFileReference; lastKnownFileType = sourcecode.swift; path = AddressView.swift; sourceTree = "<group>"; };
		319359972B80C0B100229DE5 /* DescriptionView.swift */ = {isa = PBXFileReference; lastKnownFileType = sourcecode.swift; path = DescriptionView.swift; sourceTree = "<group>"; };
		319359992B80C18400229DE5 /* OverallRatingView.swift */ = {isa = PBXFileReference; lastKnownFileType = sourcecode.swift; path = OverallRatingView.swift; sourceTree = "<group>"; };
		3193599B2B80C64A00229DE5 /* PropertyListScrollView.swift */ = {isa = PBXFileReference; lastKnownFileType = sourcecode.swift; path = PropertyListScrollView.swift; sourceTree = "<group>"; };
		3193599E2B80CAE000229DE5 /* Property.json */ = {isa = PBXFileReference; fileEncoding = 4; lastKnownFileType = text.json; path = Property.json; sourceTree = "<group>"; };
		319359A02B80CB2900229DE5 /* PropertyList.json */ = {isa = PBXFileReference; fileEncoding = 4; lastKnownFileType = text.json; path = PropertyList.json; sourceTree = "<group>"; };
		319359A32B80E10200229DE5 /* NetworkManagerMock.swift */ = {isa = PBXFileReference; lastKnownFileType = sourcecode.swift; path = NetworkManagerMock.swift; sourceTree = "<group>"; };
		319359A52B80E22000229DE5 /* LocalJSONDecoder.swift */ = {isa = PBXFileReference; lastKnownFileType = sourcecode.swift; path = LocalJSONDecoder.swift; sourceTree = "<group>"; };
		319359A82B80E52900229DE5 /* PropertyListViewModelTest.swift */ = {isa = PBXFileReference; lastKnownFileType = sourcecode.swift; path = PropertyListViewModelTest.swift; sourceTree = "<group>"; };
		31BE93032B7E9CD3003981E2 /* APIConstants.swift */ = {isa = PBXFileReference; lastKnownFileType = sourcecode.swift; path = APIConstants.swift; sourceTree = "<group>"; };
		31BE93062B7E9F51003981E2 /* HWEndpoints.swift */ = {isa = PBXFileReference; lastKnownFileType = sourcecode.swift; path = HWEndpoints.swift; sourceTree = "<group>"; };
		31BE93092B7E9FED003981E2 /* EndPointType.swift */ = {isa = PBXFileReference; lastKnownFileType = sourcecode.swift; path = EndPointType.swift; sourceTree = "<group>"; };
		31BE930B2B7EA01C003981E2 /* HTTPMethod.swift */ = {isa = PBXFileReference; lastKnownFileType = sourcecode.swift; path = HTTPMethod.swift; sourceTree = "<group>"; };
		31BE930D2B7EA04F003981E2 /* HTTPTask.swift */ = {isa = PBXFileReference; lastKnownFileType = sourcecode.swift; path = HTTPTask.swift; sourceTree = "<group>"; };
		31BE930F2B7EA07F003981E2 /* NetworkLogger.swift */ = {isa = PBXFileReference; lastKnownFileType = sourcecode.swift; path = NetworkLogger.swift; sourceTree = "<group>"; };
		31BE93122B7EA0E9003981E2 /* URLParameterEncoding.swift */ = {isa = PBXFileReference; lastKnownFileType = sourcecode.swift; path = URLParameterEncoding.swift; sourceTree = "<group>"; };
		31BE93142B7EA118003981E2 /* ParameterEncoding.swift */ = {isa = PBXFileReference; lastKnownFileType = sourcecode.swift; path = ParameterEncoding.swift; sourceTree = "<group>"; };
		31BE93162B7EA1D7003981E2 /* JSONParameterEncoder.swift */ = {isa = PBXFileReference; lastKnownFileType = sourcecode.swift; path = JSONParameterEncoder.swift; sourceTree = "<group>"; };
		31BE93182B7EA592003981E2 /* Router.swift */ = {isa = PBXFileReference; lastKnownFileType = sourcecode.swift; path = Router.swift; sourceTree = "<group>"; };
		31BE931C2B7EA93A003981E2 /* NetworkManager.swift */ = {isa = PBXFileReference; lastKnownFileType = sourcecode.swift; path = NetworkManager.swift; sourceTree = "<group>"; };
		31BE931E2B7EA952003981E2 /* NetworkManagerProtocol.swift */ = {isa = PBXFileReference; lastKnownFileType = sourcecode.swift; path = NetworkManagerProtocol.swift; sourceTree = "<group>"; };
		31BE93212B7EAA95003981E2 /* CityProperties.swift */ = {isa = PBXFileReference; lastKnownFileType = sourcecode.swift; path = CityProperties.swift; sourceTree = "<group>"; };
		31BE93282B7EAB8C003981E2 /* CityProperty.swift */ = {isa = PBXFileReference; lastKnownFileType = sourcecode.swift; path = CityProperty.swift; sourceTree = "<group>"; };
		31BE932A2B7EABFF003981E2 /* City.swift */ = {isa = PBXFileReference; lastKnownFileType = sourcecode.swift; path = City.swift; sourceTree = "<group>"; };
		31BE932C2B7EAC6F003981E2 /* PropertyImage.swift */ = {isa = PBXFileReference; lastKnownFileType = sourcecode.swift; path = PropertyImage.swift; sourceTree = "<group>"; };
		31BE932E2B7EACD2003981E2 /* OverallRating.swift */ = {isa = PBXFileReference; lastKnownFileType = sourcecode.swift; path = OverallRating.swift; sourceTree = "<group>"; };
		31BE93322B7EB0E5003981E2 /* Decodable+Extension.swift */ = {isa = PBXFileReference; lastKnownFileType = sourcecode.swift; path = "Decodable+Extension.swift"; sourceTree = "<group>"; };
		31BE93352B7EB158003981E2 /* SingleProperty.swift */ = {isa = PBXFileReference; lastKnownFileType = sourcecode.swift; path = SingleProperty.swift; sourceTree = "<group>"; };
		31BE93372B7EB3E9003981E2 /* CheckIn.swift */ = {isa = PBXFileReference; lastKnownFileType = sourcecode.swift; path = CheckIn.swift; sourceTree = "<group>"; };
		31BE933B2B7EB7A0003981E2 /* Rating.swift */ = {isa = PBXFileReference; lastKnownFileType = sourcecode.swift; path = Rating.swift; sourceTree = "<group>"; };
		31BE933E2B7EBA31003981E2 /* PropertiesViewModel.swift */ = {isa = PBXFileReference; lastKnownFileType = sourcecode.swift; path = PropertiesViewModel.swift; sourceTree = "<group>"; };
		31BE93402B7EBEDE003981E2 /* Info.plist */ = {isa = PBXFileReference; lastKnownFileType = text.plist; path = Info.plist; sourceTree = "<group>"; };
		31BE93412B7F4DC8003981E2 /* PropertiesResponse.swift */ = {isa = PBXFileReference; lastKnownFileType = sourcecode.swift; path = PropertiesResponse.swift; sourceTree = "<group>"; };
		31BE93442B7F543C003981E2 /* PropertiesCellView.swift */ = {isa = PBXFileReference; lastKnownFileType = sourcecode.swift; path = PropertiesCellView.swift; sourceTree = "<group>"; };
		31BE93462B7F5AEB003981E2 /* UIColor+HexStringHelper.swift */ = {isa = PBXFileReference; lastKnownFileType = sourcecode.swift; path = "UIColor+HexStringHelper.swift"; sourceTree = "<group>"; };
		31BE934A2B7F6510003981E2 /* VerticalImageView.swift */ = {isa = PBXFileReference; lastKnownFileType = sourcecode.swift; path = VerticalImageView.swift; sourceTree = "<group>"; };
		31BE934C2B7F88E4003981E2 /* FontConstants.swift */ = {isa = PBXFileReference; lastKnownFileType = sourcecode.swift; path = FontConstants.swift; sourceTree = "<group>"; };
		31BE93522B7F894C003981E2 /* Effra-BoldItalic.ttf */ = {isa = PBXFileReference; lastKnownFileType = file; path = "Effra-BoldItalic.ttf"; sourceTree = "<group>"; };
		31BE93542B7F894C003981E2 /* Effra-Regular.ttf */ = {isa = PBXFileReference; lastKnownFileType = file; path = "Effra-Regular.ttf"; sourceTree = "<group>"; };
		31BE93552B7F894C003981E2 /* Effra-Bold.ttf */ = {isa = PBXFileReference; lastKnownFileType = file; path = "Effra-Bold.ttf"; sourceTree = "<group>"; };
		31BE93562B7F894C003981E2 /* Effra-Italic.ttf */ = {isa = PBXFileReference; lastKnownFileType = file; path = "Effra-Italic.ttf"; sourceTree = "<group>"; };
		31BE93592B7F894C003981E2 /* EffraLight-Italic.ttf */ = {isa = PBXFileReference; lastKnownFileType = file; path = "EffraLight-Italic.ttf"; sourceTree = "<group>"; };
		31BE935A2B7F894C003981E2 /* EffraLight-Regular.ttf */ = {isa = PBXFileReference; lastKnownFileType = file; path = "EffraLight-Regular.ttf"; sourceTree = "<group>"; };
		31BE935C2B7F894C003981E2 /* EffraHeavy-Regular.ttf */ = {isa = PBXFileReference; lastKnownFileType = file; path = "EffraHeavy-Regular.ttf"; sourceTree = "<group>"; };
		31BE935D2B7F894C003981E2 /* EffraHeavy-Italic.ttf */ = {isa = PBXFileReference; lastKnownFileType = file; path = "EffraHeavy-Italic.ttf"; sourceTree = "<group>"; };
		31BE93612B7F894C003981E2 /* EffraMedium-Regular.ttf */ = {isa = PBXFileReference; lastKnownFileType = file; path = "EffraMedium-Regular.ttf"; sourceTree = "<group>"; };
		31BE93622B7F894C003981E2 /* EffraMedium-Italic.ttf */ = {isa = PBXFileReference; lastKnownFileType = file; path = "EffraMedium-Italic.ttf"; sourceTree = "<group>"; };
		31BE93642B7F894C003981E2 /* Univers-CondensedLight.ttf */ = {isa = PBXFileReference; lastKnownFileType = file; path = "Univers-CondensedLight.ttf"; sourceTree = "<group>"; };
		31BE93652B7F894C003981E2 /* Univers-Light.ttf */ = {isa = PBXFileReference; lastKnownFileType = file; path = "Univers-Light.ttf"; sourceTree = "<group>"; };
		31BE93662B7F894C003981E2 /* Univers-Bold.ttf */ = {isa = PBXFileReference; lastKnownFileType = file; path = "Univers-Bold.ttf"; sourceTree = "<group>"; };
		31BE93672B7F894C003981E2 /* Univers-CondensedBold.ttf */ = {isa = PBXFileReference; lastKnownFileType = file; path = "Univers-CondensedBold.ttf"; sourceTree = "<group>"; };
		31BE93682B7F894C003981E2 /* Univers-Condensed.ttf */ = {isa = PBXFileReference; lastKnownFileType = file; path = "Univers-Condensed.ttf"; sourceTree = "<group>"; };
		31BE93692B7F894C003981E2 /* Univers.ttf */ = {isa = PBXFileReference; lastKnownFileType = file; path = Univers.ttf; sourceTree = "<group>"; };
		31BE936A2B7F894C003981E2 /* Univers-BlackOblique.ttf */ = {isa = PBXFileReference; lastKnownFileType = file; path = "Univers-BlackOblique.ttf"; sourceTree = "<group>"; };
		31BE936B2B7F894C003981E2 /* Univers-Oblique.ttf */ = {isa = PBXFileReference; lastKnownFileType = file; path = "Univers-Oblique.ttf"; sourceTree = "<group>"; };
		31BE936C2B7F894C003981E2 /* Univers-BoldOblique.ttf */ = {isa = PBXFileReference; lastKnownFileType = file; path = "Univers-BoldOblique.ttf"; sourceTree = "<group>"; };
		31BE936D2B7F894C003981E2 /* Univers-CondensedOblique.ttf */ = {isa = PBXFileReference; lastKnownFileType = file; path = "Univers-CondensedOblique.ttf"; sourceTree = "<group>"; };
		31BE936E2B7F894C003981E2 /* Univers-CondensedBoldOblique.ttf */ = {isa = PBXFileReference; lastKnownFileType = file; path = "Univers-CondensedBoldOblique.ttf"; sourceTree = "<group>"; };
		31BE936F2B7F894C003981E2 /* Univers-CondensedLightOblique.ttf */ = {isa = PBXFileReference; lastKnownFileType = file; path = "Univers-CondensedLightOblique.ttf"; sourceTree = "<group>"; };
		31BE93702B7F894C003981E2 /* Univers-LightOblique.ttf */ = {isa = PBXFileReference; lastKnownFileType = file; path = "Univers-LightOblique.ttf"; sourceTree = "<group>"; };
		31BE93712B7F894C003981E2 /* Univers-Black.ttf */ = {isa = PBXFileReference; lastKnownFileType = file; path = "Univers-Black.ttf"; sourceTree = "<group>"; };
		31BE93732B7F894C003981E2 /* Montserrat-Bold.ttf */ = {isa = PBXFileReference; lastKnownFileType = file; path = "Montserrat-Bold.ttf"; sourceTree = "<group>"; };
		31BE93742B7F894C003981E2 /* Montserrat-Regular.ttf */ = {isa = PBXFileReference; lastKnownFileType = file; path = "Montserrat-Regular.ttf"; sourceTree = "<group>"; };
		31BE93932B7F9A26003981E2 /* Shrikhand-Regular.ttf */ = {isa = PBXFileReference; lastKnownFileType = file; path = "Shrikhand-Regular.ttf"; sourceTree = "<group>"; };
		31FE201F2B7E9A8F000F167E /* HostelWorld.app */ = {isa = PBXFileReference; explicitFileType = wrapper.application; includeInIndex = 0; path = HostelWorld.app; sourceTree = BUILT_PRODUCTS_DIR; };
		31FE20222B7E9A8F000F167E /* HostelWorldApp.swift */ = {isa = PBXFileReference; lastKnownFileType = sourcecode.swift; path = HostelWorldApp.swift; sourceTree = "<group>"; };
		31FE20242B7E9A8F000F167E /* ContentView.swift */ = {isa = PBXFileReference; lastKnownFileType = sourcecode.swift; path = ContentView.swift; sourceTree = "<group>"; };
		31FE20262B7E9A92000F167E /* Assets.xcassets */ = {isa = PBXFileReference; lastKnownFileType = folder.assetcatalog; path = Assets.xcassets; sourceTree = "<group>"; };
		31FE20292B7E9A92000F167E /* Preview Assets.xcassets */ = {isa = PBXFileReference; lastKnownFileType = folder.assetcatalog; path = "Preview Assets.xcassets"; sourceTree = "<group>"; };
		31FE202F2B7E9A92000F167E /* HostelWorldTests.xctest */ = {isa = PBXFileReference; explicitFileType = wrapper.cfbundle; includeInIndex = 0; path = HostelWorldTests.xctest; sourceTree = BUILT_PRODUCTS_DIR; };
		31FE20332B7E9A92000F167E /* HostelWorldTests.swift */ = {isa = PBXFileReference; lastKnownFileType = sourcecode.swift; path = HostelWorldTests.swift; sourceTree = "<group>"; };
		31FE20392B7E9A92000F167E /* HostelWorldUITests.xctest */ = {isa = PBXFileReference; explicitFileType = wrapper.cfbundle; includeInIndex = 0; path = HostelWorldUITests.xctest; sourceTree = BUILT_PRODUCTS_DIR; };
		31FE203D2B7E9A92000F167E /* HostelWorldUITests.swift */ = {isa = PBXFileReference; lastKnownFileType = sourcecode.swift; path = HostelWorldUITests.swift; sourceTree = "<group>"; };
		31FE203F2B7E9A92000F167E /* HostelWorldUITestsLaunchTests.swift */ = {isa = PBXFileReference; lastKnownFileType = sourcecode.swift; path = HostelWorldUITestsLaunchTests.swift; sourceTree = "<group>"; };
/* End PBXFileReference section */

/* Begin PBXFrameworksBuildPhase section */
		31FE201C2B7E9A8F000F167E /* Frameworks */ = {
			isa = PBXFrameworksBuildPhase;
			buildActionMask = 2147483647;
			files = (
				31BE93272B7EAB28003981E2 /* RealmSwift in Frameworks */,
				31BE93252B7EAB28003981E2 /* Realm in Frameworks */,
			);
			runOnlyForDeploymentPostprocessing = 0;
		};
		31FE202C2B7E9A92000F167E /* Frameworks */ = {
			isa = PBXFrameworksBuildPhase;
			buildActionMask = 2147483647;
			files = (
			);
			runOnlyForDeploymentPostprocessing = 0;
		};
		31FE20362B7E9A92000F167E /* Frameworks */ = {
			isa = PBXFrameworksBuildPhase;
			buildActionMask = 2147483647;
			files = (
			);
			runOnlyForDeploymentPostprocessing = 0;
		};
/* End PBXFrameworksBuildPhase section */

/* Begin PBXGroup section */
		31002F582B804C4C00CCBCFD /* ReusableView */ = {
			isa = PBXGroup;
			children = (
				314C3EE32B7FE25E009748B8 /* LoadImages.swift */,
				31002F592B804C6D00CCBCFD /* MyBackButton.swift */,
				31002F5B2B804EC300CCBCFD /* PullToRefresh.swift */,
				319359932B80B3D800229DE5 /* TitleView.swift */,
			);
			path = ReusableView;
			sourceTree = "<group>";
		};
		314C3EE72B800D9C009748B8 /* DB Manager */ = {
			isa = PBXGroup;
			children = (
				314C3EE82B800DD0009748B8 /* HWRealmManager.swift */,
			);
			path = "DB Manager";
			sourceTree = "<group>";
		};
		3193598E2B80B1EC00229DE5 /* IndexView */ = {
			isa = PBXGroup;
			children = (
				3193598C2B80AE1200229DE5 /* IndexPage.swift */,
				31FE20222B7E9A8F000F167E /* HostelWorldApp.swift */,
				31FE20242B7E9A8F000F167E /* ContentView.swift */,
			);
			path = IndexView;
			sourceTree = "<group>";
		};
		3193598F2B80B21600229DE5 /* PropertyListPage */ = {
			isa = PBXGroup;
			children = (
				319359912B80B2DB00229DE5 /* CellView */,
				31002F5D2B80510800CCBCFD /* HomePageTableView.swift */,
				3193599B2B80C64A00229DE5 /* PropertyListScrollView.swift */,
			);
			path = PropertyListPage;
			sourceTree = "<group>";
		};
		319359902B80B26B00229DE5 /* PropertyDetails */ = {
			isa = PBXGroup;
			children = (
				319359922B80B2F200229DE5 /* CellView */,
				314C3EDD2B7FA3E6009748B8 /* PropertyDetailScreen.swift */,
				319359952B80C01200229DE5 /* AddressView.swift */,
				319359972B80C0B100229DE5 /* DescriptionView.swift */,
				319359992B80C18400229DE5 /* OverallRatingView.swift */,
			);
			path = PropertyDetails;
			sourceTree = "<group>";
		};
		319359912B80B2DB00229DE5 /* CellView */ = {
			isa = PBXGroup;
			children = (
				31BE934A2B7F6510003981E2 /* VerticalImageView.swift */,
				31BE93442B7F543C003981E2 /* PropertiesCellView.swift */,
			);
			path = CellView;
			sourceTree = "<group>";
		};
		319359922B80B2F200229DE5 /* CellView */ = {
			isa = PBXGroup;
			children = (
				314C3EEC2B801EAE009748B8 /* PaymentMethodScrollView.swift */,
				314C3EE52B7FE380009748B8 /* LoadPropertyDetailsImage.swift */,
			);
			path = CellView;
			sourceTree = "<group>";
		};
		3193599D2B80CACD00229DE5 /* Json files */ = {
			isa = PBXGroup;
			children = (
				319359A02B80CB2900229DE5 /* PropertyList.json */,
				3193599E2B80CAE000229DE5 /* Property.json */,
			);
			path = "Json files";
			sourceTree = "<group>";
		};
		319359A22B80E0C800229DE5 /* MockService */ = {
			isa = PBXGroup;
			children = (
				319359A32B80E10200229DE5 /* NetworkManagerMock.swift */,
			);
			path = MockService;
			sourceTree = "<group>";
		};
		319359A72B80E50000229DE5 /* PropertyListTest */ = {
			isa = PBXGroup;
			children = (
				319359A82B80E52900229DE5 /* PropertyListViewModelTest.swift */,
			);
			path = PropertyListTest;
			sourceTree = "<group>";
		};
		31BE93052B7E9F3D003981E2 /* EndPoint */ = {
			isa = PBXGroup;
			children = (
				31BE93062B7E9F51003981E2 /* HWEndpoints.swift */,
			);
			path = EndPoint;
			sourceTree = "<group>";
		};
		31BE93082B7E9FD2003981E2 /* Service */ = {
			isa = PBXGroup;
			children = (
				31BE93092B7E9FED003981E2 /* EndPointType.swift */,
				31BE930B2B7EA01C003981E2 /* HTTPMethod.swift */,
				31BE930D2B7EA04F003981E2 /* HTTPTask.swift */,
				31BE930F2B7EA07F003981E2 /* NetworkLogger.swift */,
				31BE93182B7EA592003981E2 /* Router.swift */,
			);
			path = Service;
			sourceTree = "<group>";
		};
		31BE93112B7EA0C7003981E2 /* Encoding */ = {
			isa = PBXGroup;
			children = (
				31BE93122B7EA0E9003981E2 /* URLParameterEncoding.swift */,
				31BE93142B7EA118003981E2 /* ParameterEncoding.swift */,
				31BE93162B7EA1D7003981E2 /* JSONParameterEncoder.swift */,
			);
			path = Encoding;
			sourceTree = "<group>";
		};
		31BE931A2B7EA8C2003981E2 /* Manager */ = {
			isa = PBXGroup;
			children = (
				31BE931C2B7EA93A003981E2 /* NetworkManager.swift */,
				31BE931E2B7EA952003981E2 /* NetworkManagerProtocol.swift */,
			);
			path = Manager;
			sourceTree = "<group>";
		};
		31BE931B2B7EA8D6003981E2 /* Network Manager */ = {
			isa = PBXGroup;
			children = (
				31BE93052B7E9F3D003981E2 /* EndPoint */,
				31BE93082B7E9FD2003981E2 /* Service */,
				31BE93112B7EA0C7003981E2 /* Encoding */,
				31BE931A2B7EA8C2003981E2 /* Manager */,
			);
			path = "Network Manager";
			sourceTree = "<group>";
		};
		31BE93202B7EAA7A003981E2 /* Models */ = {
			isa = PBXGroup;
			children = (
				31BE93342B7EB120003981E2 /* Property */,
				31BE93302B7EACF1003981E2 /* CityPropertyList */,
				31BE93412B7F4DC8003981E2 /* PropertiesResponse.swift */,
			);
			path = Models;
			sourceTree = "<group>";
		};
		31BE93302B7EACF1003981E2 /* CityPropertyList */ = {
			isa = PBXGroup;
			children = (
				31BE932A2B7EABFF003981E2 /* City.swift */,
				31BE93282B7EAB8C003981E2 /* CityProperty.swift */,
				31BE932C2B7EAC6F003981E2 /* PropertyImage.swift */,
				31BE932E2B7EACD2003981E2 /* OverallRating.swift */,
				31BE93212B7EAA95003981E2 /* CityProperties.swift */,
			);
			path = CityPropertyList;
			sourceTree = "<group>";
		};
		31BE93312B7EB0C3003981E2 /* Utils */ = {
			isa = PBXGroup;
			children = (
				31FE204C2B7E9B43000F167E /* Constants */,
				31BE93322B7EB0E5003981E2 /* Decodable+Extension.swift */,
				31BE93462B7F5AEB003981E2 /* UIColor+HexStringHelper.swift */,
				310798172B8104C10000CCDA /* RedactedShimmer.swift */,
				310798152B8101B00000CCDA /* Shimmering.swift */,
				314C3EE12B7FDFF1009748B8 /* View+OnLoad.swift */,
				319359A52B80E22000229DE5 /* LocalJSONDecoder.swift */,
			);
			path = Utils;
			sourceTree = "<group>";
		};
		31BE93342B7EB120003981E2 /* Property */ = {
			isa = PBXGroup;
			children = (
				31BE93352B7EB158003981E2 /* SingleProperty.swift */,
				31BE93372B7EB3E9003981E2 /* CheckIn.swift */,
				31BE933B2B7EB7A0003981E2 /* Rating.swift */,
				314C3EEA2B801DC1009748B8 /* PaymentMethods.swift */,
			);
			path = Property;
			sourceTree = "<group>";
		};
		31BE933D2B7EBA16003981E2 /* ViewModel */ = {
			isa = PBXGroup;
			children = (
				31BE933E2B7EBA31003981E2 /* PropertiesViewModel.swift */,
			);
			path = ViewModel;
			sourceTree = "<group>";
		};
		31BE93432B7F540B003981E2 /* View */ = {
			isa = PBXGroup;
			children = (
				319359902B80B26B00229DE5 /* PropertyDetails */,
				3193598F2B80B21600229DE5 /* PropertyListPage */,
				3193598E2B80B1EC00229DE5 /* IndexView */,
				31002F582B804C4C00CCBCFD /* ReusableView */,
			);
			path = View;
			sourceTree = "<group>";
		};
		31BE934E2B7F892F003981E2 /* Resources */ = {
			isa = PBXGroup;
			children = (
				3193599D2B80CACD00229DE5 /* Json files */,
				31BE934F2B7F894C003981E2 /* Fonts */,
			);
			path = Resources;
			sourceTree = "<group>";
		};
		31BE934F2B7F894C003981E2 /* Fonts */ = {
			isa = PBXGroup;
			children = (
				31BE93932B7F9A26003981E2 /* Shrikhand-Regular.ttf */,
				31BE93502B7F894C003981E2 /* EffraFont */,
				31BE93632B7F894C003981E2 /* Univers */,
				31BE93722B7F894C003981E2 /* Montserrat */,
			);
			path = Fonts;
			sourceTree = "<group>";
		};
		31BE93502B7F894C003981E2 /* EffraFont */ = {
			isa = PBXGroup;
			children = (
				31BE93512B7F894C003981E2 /* Effra */,
				31BE93572B7F894C003981E2 /* Effra Light */,
				31BE935B2B7F894C003981E2 /* Effra Heavy */,
				31BE935F2B7F894C003981E2 /* Effra Medium */,
			);
			path = EffraFont;
			sourceTree = "<group>";
		};
		31BE93512B7F894C003981E2 /* Effra */ = {
			isa = PBXGroup;
			children = (
				31BE93522B7F894C003981E2 /* Effra-BoldItalic.ttf */,
				31BE93542B7F894C003981E2 /* Effra-Regular.ttf */,
				31BE93552B7F894C003981E2 /* Effra-Bold.ttf */,
				31BE93562B7F894C003981E2 /* Effra-Italic.ttf */,
			);
			path = Effra;
			sourceTree = "<group>";
		};
		31BE93572B7F894C003981E2 /* Effra Light */ = {
			isa = PBXGroup;
			children = (
				31BE93592B7F894C003981E2 /* EffraLight-Italic.ttf */,
				31BE935A2B7F894C003981E2 /* EffraLight-Regular.ttf */,
			);
			path = "Effra Light";
			sourceTree = "<group>";
		};
		31BE935B2B7F894C003981E2 /* Effra Heavy */ = {
			isa = PBXGroup;
			children = (
				31BE935C2B7F894C003981E2 /* EffraHeavy-Regular.ttf */,
				31BE935D2B7F894C003981E2 /* EffraHeavy-Italic.ttf */,
			);
			path = "Effra Heavy";
			sourceTree = "<group>";
		};
		31BE935F2B7F894C003981E2 /* Effra Medium */ = {
			isa = PBXGroup;
			children = (
				31BE93612B7F894C003981E2 /* EffraMedium-Regular.ttf */,
				31BE93622B7F894C003981E2 /* EffraMedium-Italic.ttf */,
			);
			path = "Effra Medium";
			sourceTree = "<group>";
		};
		31BE93632B7F894C003981E2 /* Univers */ = {
			isa = PBXGroup;
			children = (
				31BE93642B7F894C003981E2 /* Univers-CondensedLight.ttf */,
				31BE93652B7F894C003981E2 /* Univers-Light.ttf */,
				31BE93662B7F894C003981E2 /* Univers-Bold.ttf */,
				31BE93672B7F894C003981E2 /* Univers-CondensedBold.ttf */,
				31BE93682B7F894C003981E2 /* Univers-Condensed.ttf */,
				31BE93692B7F894C003981E2 /* Univers.ttf */,
				31BE936A2B7F894C003981E2 /* Univers-BlackOblique.ttf */,
				31BE936B2B7F894C003981E2 /* Univers-Oblique.ttf */,
				31BE936C2B7F894C003981E2 /* Univers-BoldOblique.ttf */,
				31BE936D2B7F894C003981E2 /* Univers-CondensedOblique.ttf */,
				31BE936E2B7F894C003981E2 /* Univers-CondensedBoldOblique.ttf */,
				31BE936F2B7F894C003981E2 /* Univers-CondensedLightOblique.ttf */,
				31BE93702B7F894C003981E2 /* Univers-LightOblique.ttf */,
				31BE93712B7F894C003981E2 /* Univers-Black.ttf */,
			);
			path = Univers;
			sourceTree = "<group>";
		};
		31BE93722B7F894C003981E2 /* Montserrat */ = {
			isa = PBXGroup;
			children = (
				31BE93732B7F894C003981E2 /* Montserrat-Bold.ttf */,
				31BE93742B7F894C003981E2 /* Montserrat-Regular.ttf */,
			);
			path = Montserrat;
			sourceTree = "<group>";
		};
		31FE20162B7E9A8F000F167E = {
			isa = PBXGroup;
			children = (
				31FE20212B7E9A8F000F167E /* HostelWorld */,
				31FE20322B7E9A92000F167E /* HostelWorldTests */,
				31FE203C2B7E9A92000F167E /* HostelWorldUITests */,
				31FE20202B7E9A8F000F167E /* Products */,
			);
			sourceTree = "<group>";
		};
		31FE20202B7E9A8F000F167E /* Products */ = {
			isa = PBXGroup;
			children = (
				31FE201F2B7E9A8F000F167E /* HostelWorld.app */,
				31FE202F2B7E9A92000F167E /* HostelWorldTests.xctest */,
				31FE20392B7E9A92000F167E /* HostelWorldUITests.xctest */,
			);
			name = Products;
			sourceTree = "<group>";
		};
		31FE20212B7E9A8F000F167E /* HostelWorld */ = {
			isa = PBXGroup;
			children = (
				314C3EE72B800D9C009748B8 /* DB Manager */,
				31BE934E2B7F892F003981E2 /* Resources */,
				31BE93402B7EBEDE003981E2 /* Info.plist */,
				31BE93312B7EB0C3003981E2 /* Utils */,
				31BE93202B7EAA7A003981E2 /* Models */,
				31BE931B2B7EA8D6003981E2 /* Network Manager */,
				31BE933D2B7EBA16003981E2 /* ViewModel */,
				31BE93432B7F540B003981E2 /* View */,
				31FE20262B7E9A92000F167E /* Assets.xcassets */,
				31FE20282B7E9A92000F167E /* Preview Content */,
			);
			path = HostelWorld;
			sourceTree = "<group>";
		};
		31FE20282B7E9A92000F167E /* Preview Content */ = {
			isa = PBXGroup;
			children = (
				31FE20292B7E9A92000F167E /* Preview Assets.xcassets */,
			);
			path = "Preview Content";
			sourceTree = "<group>";
		};
		31FE20322B7E9A92000F167E /* HostelWorldTests */ = {
			isa = PBXGroup;
			children = (
				319359A72B80E50000229DE5 /* PropertyListTest */,
				319359A22B80E0C800229DE5 /* MockService */,
				31FE20332B7E9A92000F167E /* HostelWorldTests.swift */,
			);
			path = HostelWorldTests;
			sourceTree = "<group>";
		};
		31FE203C2B7E9A92000F167E /* HostelWorldUITests */ = {
			isa = PBXGroup;
			children = (
				31FE203D2B7E9A92000F167E /* HostelWorldUITests.swift */,
				31FE203F2B7E9A92000F167E /* HostelWorldUITestsLaunchTests.swift */,
			);
			path = HostelWorldUITests;
			sourceTree = "<group>";
		};
		31FE204C2B7E9B43000F167E /* Constants */ = {
			isa = PBXGroup;
			children = (
				31BE93032B7E9CD3003981E2 /* APIConstants.swift */,
				31BE934C2B7F88E4003981E2 /* FontConstants.swift */,
			);
			path = Constants;
			sourceTree = "<group>";
		};
/* End PBXGroup section */

/* Begin PBXNativeTarget section */
		31FE201E2B7E9A8F000F167E /* HostelWorld */ = {
			isa = PBXNativeTarget;
			buildConfigurationList = 31FE20432B7E9A92000F167E /* Build configuration list for PBXNativeTarget "HostelWorld" */;
			buildPhases = (
				31FE201B2B7E9A8F000F167E /* Sources */,
				31FE201C2B7E9A8F000F167E /* Frameworks */,
				31FE201D2B7E9A8F000F167E /* Resources */,
			);
			buildRules = (
			);
			dependencies = (
			);
			name = HostelWorld;
			packageProductDependencies = (
				31BE93242B7EAB28003981E2 /* Realm */,
				31BE93262B7EAB28003981E2 /* RealmSwift */,
			);
			productName = HostelWorld;
			productReference = 31FE201F2B7E9A8F000F167E /* HostelWorld.app */;
			productType = "com.apple.product-type.application";
		};
		31FE202E2B7E9A92000F167E /* HostelWorldTests */ = {
			isa = PBXNativeTarget;
			buildConfigurationList = 31FE20462B7E9A92000F167E /* Build configuration list for PBXNativeTarget "HostelWorldTests" */;
			buildPhases = (
				31FE202B2B7E9A92000F167E /* Sources */,
				31FE202C2B7E9A92000F167E /* Frameworks */,
				31FE202D2B7E9A92000F167E /* Resources */,
			);
			buildRules = (
			);
			dependencies = (
				31FE20312B7E9A92000F167E /* PBXTargetDependency */,
			);
			name = HostelWorldTests;
			productName = HostelWorldTests;
			productReference = 31FE202F2B7E9A92000F167E /* HostelWorldTests.xctest */;
			productType = "com.apple.product-type.bundle.unit-test";
		};
		31FE20382B7E9A92000F167E /* HostelWorldUITests */ = {
			isa = PBXNativeTarget;
			buildConfigurationList = 31FE20492B7E9A92000F167E /* Build configuration list for PBXNativeTarget "HostelWorldUITests" */;
			buildPhases = (
				31FE20352B7E9A92000F167E /* Sources */,
				31FE20362B7E9A92000F167E /* Frameworks */,
				31FE20372B7E9A92000F167E /* Resources */,
			);
			buildRules = (
			);
			dependencies = (
				31FE203B2B7E9A92000F167E /* PBXTargetDependency */,
			);
			name = HostelWorldUITests;
			productName = HostelWorldUITests;
			productReference = 31FE20392B7E9A92000F167E /* HostelWorldUITests.xctest */;
			productType = "com.apple.product-type.bundle.ui-testing";
		};
/* End PBXNativeTarget section */

/* Begin PBXProject section */
		31FE20172B7E9A8F000F167E /* Project object */ = {
			isa = PBXProject;
			attributes = {
				BuildIndependentTargetsInParallel = 1;
				LastSwiftUpdateCheck = 1520;
				LastUpgradeCheck = 1520;
				TargetAttributes = {
					31FE201E2B7E9A8F000F167E = {
						CreatedOnToolsVersion = 15.2;
					};
					31FE202E2B7E9A92000F167E = {
						CreatedOnToolsVersion = 15.2;
						TestTargetID = 31FE201E2B7E9A8F000F167E;
					};
					31FE20382B7E9A92000F167E = {
						CreatedOnToolsVersion = 15.2;
						TestTargetID = 31FE201E2B7E9A8F000F167E;
					};
				};
			};
			buildConfigurationList = 31FE201A2B7E9A8F000F167E /* Build configuration list for PBXProject "HostelWorld" */;
			compatibilityVersion = "Xcode 14.0";
			developmentRegion = en;
			hasScannedForEncodings = 0;
			knownRegions = (
				en,
				Base,
			);
			mainGroup = 31FE20162B7E9A8F000F167E;
			packageReferences = (
				31BE93232B7EAB28003981E2 /* XCRemoteSwiftPackageReference "realm-swift" */,
			);
			productRefGroup = 31FE20202B7E9A8F000F167E /* Products */;
			projectDirPath = "";
			projectRoot = "";
			targets = (
				31FE201E2B7E9A8F000F167E /* HostelWorld */,
				31FE202E2B7E9A92000F167E /* HostelWorldTests */,
				31FE20382B7E9A92000F167E /* HostelWorldUITests */,
			);
		};
/* End PBXProject section */

/* Begin PBXResourcesBuildPhase section */
		31FE201D2B7E9A8F000F167E /* Resources */ = {
			isa = PBXResourcesBuildPhase;
			buildActionMask = 2147483647;
			files = (
				31BE93922B7F894C003981E2 /* Montserrat-Regular.ttf in Resources */,
				31BE93892B7F894C003981E2 /* Univers-BlackOblique.ttf in Resources */,
				31BE938A2B7F894C003981E2 /* Univers-Oblique.ttf in Resources */,
				31BE93842B7F894C003981E2 /* Univers-Light.ttf in Resources */,
				31BE93752B7F894C003981E2 /* Effra-BoldItalic.ttf in Resources */,
				31BE938F2B7F894C003981E2 /* Univers-LightOblique.ttf in Resources */,
				31BE93852B7F894C003981E2 /* Univers-Bold.ttf in Resources */,
				31BE938C2B7F894C003981E2 /* Univers-CondensedOblique.ttf in Resources */,
				31BE938E2B7F894C003981E2 /* Univers-CondensedLightOblique.ttf in Resources */,
				31BE938B2B7F894C003981E2 /* Univers-BoldOblique.ttf in Resources */,
				3193599F2B80CAE000229DE5 /* Property.json in Resources */,
				31FE202A2B7E9A92000F167E /* Preview Assets.xcassets in Resources */,
				31BE93902B7F894C003981E2 /* Univers-Black.ttf in Resources */,
				31BE93772B7F894C003981E2 /* Effra-Regular.ttf in Resources */,
				31BE93882B7F894C003981E2 /* Univers.ttf in Resources */,
				31BE93872B7F894C003981E2 /* Univers-Condensed.ttf in Resources */,
				31BE93812B7F894C003981E2 /* EffraMedium-Regular.ttf in Resources */,
				31FE20272B7E9A92000F167E /* Assets.xcassets in Resources */,
				319359A12B80CB2900229DE5 /* PropertyList.json in Resources */,
				31BE937C2B7F894C003981E2 /* EffraLight-Regular.ttf in Resources */,
				31BE93912B7F894C003981E2 /* Montserrat-Bold.ttf in Resources */,
				31BE93832B7F894C003981E2 /* Univers-CondensedLight.ttf in Resources */,
				31BE93792B7F894C003981E2 /* Effra-Italic.ttf in Resources */,
				31BE93822B7F894C003981E2 /* EffraMedium-Italic.ttf in Resources */,
				31BE937B2B7F894C003981E2 /* EffraLight-Italic.ttf in Resources */,
				31BE93782B7F894C003981E2 /* Effra-Bold.ttf in Resources */,
				31BE937E2B7F894C003981E2 /* EffraHeavy-Italic.ttf in Resources */,
				31BE937D2B7F894C003981E2 /* EffraHeavy-Regular.ttf in Resources */,
				31BE938D2B7F894C003981E2 /* Univers-CondensedBoldOblique.ttf in Resources */,
				31BE93862B7F894C003981E2 /* Univers-CondensedBold.ttf in Resources */,
			);
			runOnlyForDeploymentPostprocessing = 0;
		};
		31FE202D2B7E9A92000F167E /* Resources */ = {
			isa = PBXResourcesBuildPhase;
			buildActionMask = 2147483647;
			files = (
			);
			runOnlyForDeploymentPostprocessing = 0;
		};
		31FE20372B7E9A92000F167E /* Resources */ = {
			isa = PBXResourcesBuildPhase;
			buildActionMask = 2147483647;
			files = (
			);
			runOnlyForDeploymentPostprocessing = 0;
		};
/* End PBXResourcesBuildPhase section */

/* Begin PBXSourcesBuildPhase section */
		31FE201B2B7E9A8F000F167E /* Sources */ = {
			isa = PBXSourcesBuildPhase;
			buildActionMask = 2147483647;
			files = (
				31BE93422B7F4DC8003981E2 /* PropertiesResponse.swift in Sources */,
				314C3EED2B801EAE009748B8 /* PaymentMethodScrollView.swift in Sources */,
				314C3EE42B7FE25E009748B8 /* LoadImages.swift in Sources */,
				3193599A2B80C18400229DE5 /* OverallRatingView.swift in Sources */,
				31BE93102B7EA07F003981E2 /* NetworkLogger.swift in Sources */,
				31002F5E2B80510800CCBCFD /* HomePageTableView.swift in Sources */,
				31BE930E2B7EA04F003981E2 /* HTTPTask.swift in Sources */,
				31BE93362B7EB158003981E2 /* SingleProperty.swift in Sources */,
				314C3EDE2B7FA3E6009748B8 /* PropertyDetailScreen.swift in Sources */,
				31BE93222B7EAA95003981E2 /* CityProperties.swift in Sources */,
				31BE93332B7EB0E5003981E2 /* Decodable+Extension.swift in Sources */,
				31BE931F2B7EA952003981E2 /* NetworkManagerProtocol.swift in Sources */,
				31BE93152B7EA118003981E2 /* ParameterEncoding.swift in Sources */,
				314C3EE62B7FE380009748B8 /* LoadPropertyDetailsImage.swift in Sources */,
				31BE93382B7EB3E9003981E2 /* CheckIn.swift in Sources */,
				31BE931D2B7EA93A003981E2 /* NetworkManager.swift in Sources */,
				31FE20252B7E9A8F000F167E /* ContentView.swift in Sources */,
				31BE93192B7EA592003981E2 /* Router.swift in Sources */,
				31BE93172B7EA1D7003981E2 /* JSONParameterEncoder.swift in Sources */,
				31BE932B2B7EABFF003981E2 /* City.swift in Sources */,
				31FE20232B7E9A8F000F167E /* HostelWorldApp.swift in Sources */,
				31BE930C2B7EA01C003981E2 /* HTTPMethod.swift in Sources */,
				319359A62B80E22000229DE5 /* LocalJSONDecoder.swift in Sources */,
				31BE93472B7F5AEB003981E2 /* UIColor+HexStringHelper.swift in Sources */,
				310798162B8101B00000CCDA /* Shimmering.swift in Sources */,
				31BE93292B7EAB8C003981E2 /* CityProperty.swift in Sources */,
				3193598D2B80AE1200229DE5 /* IndexPage.swift in Sources */,
				31BE932D2B7EAC6F003981E2 /* PropertyImage.swift in Sources */,
				319359982B80C0B100229DE5 /* DescriptionView.swift in Sources */,
				31002F5C2B804EC300CCBCFD /* PullToRefresh.swift in Sources */,
				3193599C2B80C64A00229DE5 /* PropertyListScrollView.swift in Sources */,
				31BE93042B7E9CD3003981E2 /* APIConstants.swift in Sources */,
				31002F5A2B804C6D00CCBCFD /* MyBackButton.swift in Sources */,
				310798182B8104C10000CCDA /* RedactedShimmer.swift in Sources */,
				314C3EE22B7FDFF1009748B8 /* View+OnLoad.swift in Sources */,
				31BE930A2B7E9FED003981E2 /* EndPointType.swift in Sources */,
				31BE933C2B7EB7A0003981E2 /* Rating.swift in Sources */,
				31BE934B2B7F6510003981E2 /* VerticalImageView.swift in Sources */,
				31BE93452B7F543C003981E2 /* PropertiesCellView.swift in Sources */,
				31BE934D2B7F88E4003981E2 /* FontConstants.swift in Sources */,
				31BE932F2B7EACD2003981E2 /* OverallRating.swift in Sources */,
				319359962B80C01200229DE5 /* AddressView.swift in Sources */,
				319359942B80B3D800229DE5 /* TitleView.swift in Sources */,
				314C3EEB2B801DC1009748B8 /* PaymentMethods.swift in Sources */,
				314C3EE92B800DD0009748B8 /* HWRealmManager.swift in Sources */,
				31BE933F2B7EBA31003981E2 /* PropertiesViewModel.swift in Sources */,
				31BE93132B7EA0E9003981E2 /* URLParameterEncoding.swift in Sources */,
				31BE93072B7E9F51003981E2 /* HWEndpoints.swift in Sources */,
			);
			runOnlyForDeploymentPostprocessing = 0;
		};
		31FE202B2B7E9A92000F167E /* Sources */ = {
			isa = PBXSourcesBuildPhase;
			buildActionMask = 2147483647;
			files = (
				319359A42B80E10200229DE5 /* NetworkManagerMock.swift in Sources */,
				31FE20342B7E9A92000F167E /* HostelWorldTests.swift in Sources */,
				319359A92B80E52900229DE5 /* PropertyListViewModelTest.swift in Sources */,
			);
			runOnlyForDeploymentPostprocessing = 0;
		};
		31FE20352B7E9A92000F167E /* Sources */ = {
			isa = PBXSourcesBuildPhase;
			buildActionMask = 2147483647;
			files = (
				31FE20402B7E9A92000F167E /* HostelWorldUITestsLaunchTests.swift in Sources */,
				31FE203E2B7E9A92000F167E /* HostelWorldUITests.swift in Sources */,
			);
			runOnlyForDeploymentPostprocessing = 0;
		};
/* End PBXSourcesBuildPhase section */

/* Begin PBXTargetDependency section */
		31FE20312B7E9A92000F167E /* PBXTargetDependency */ = {
			isa = PBXTargetDependency;
			target = 31FE201E2B7E9A8F000F167E /* HostelWorld */;
			targetProxy = 31FE20302B7E9A92000F167E /* PBXContainerItemProxy */;
		};
		31FE203B2B7E9A92000F167E /* PBXTargetDependency */ = {
			isa = PBXTargetDependency;
			target = 31FE201E2B7E9A8F000F167E /* HostelWorld */;
			targetProxy = 31FE203A2B7E9A92000F167E /* PBXContainerItemProxy */;
		};
/* End PBXTargetDependency section */

/* Begin XCBuildConfiguration section */
		31FE20412B7E9A92000F167E /* Debug */ = {
			isa = XCBuildConfiguration;
			buildSettings = {
				ALWAYS_SEARCH_USER_PATHS = NO;
				ASSETCATALOG_COMPILER_GENERATE_SWIFT_ASSET_SYMBOL_EXTENSIONS = YES;
				CLANG_ANALYZER_NONNULL = YES;
				CLANG_ANALYZER_NUMBER_OBJECT_CONVERSION = YES_AGGRESSIVE;
				CLANG_CXX_LANGUAGE_STANDARD = "gnu++20";
				CLANG_ENABLE_MODULES = YES;
				CLANG_ENABLE_OBJC_ARC = YES;
				CLANG_ENABLE_OBJC_WEAK = YES;
				CLANG_WARN_BLOCK_CAPTURE_AUTORELEASING = YES;
				CLANG_WARN_BOOL_CONVERSION = YES;
				CLANG_WARN_COMMA = YES;
				CLANG_WARN_CONSTANT_CONVERSION = YES;
				CLANG_WARN_DEPRECATED_OBJC_IMPLEMENTATIONS = YES;
				CLANG_WARN_DIRECT_OBJC_ISA_USAGE = YES_ERROR;
				CLANG_WARN_DOCUMENTATION_COMMENTS = YES;
				CLANG_WARN_EMPTY_BODY = YES;
				CLANG_WARN_ENUM_CONVERSION = YES;
				CLANG_WARN_INFINITE_RECURSION = YES;
				CLANG_WARN_INT_CONVERSION = YES;
				CLANG_WARN_NON_LITERAL_NULL_CONVERSION = YES;
				CLANG_WARN_OBJC_IMPLICIT_RETAIN_SELF = YES;
				CLANG_WARN_OBJC_LITERAL_CONVERSION = YES;
				CLANG_WARN_OBJC_ROOT_CLASS = YES_ERROR;
				CLANG_WARN_QUOTED_INCLUDE_IN_FRAMEWORK_HEADER = YES;
				CLANG_WARN_RANGE_LOOP_ANALYSIS = YES;
				CLANG_WARN_STRICT_PROTOTYPES = YES;
				CLANG_WARN_SUSPICIOUS_MOVE = YES;
				CLANG_WARN_UNGUARDED_AVAILABILITY = YES_AGGRESSIVE;
				CLANG_WARN_UNREACHABLE_CODE = YES;
				CLANG_WARN__DUPLICATE_METHOD_MATCH = YES;
				COPY_PHASE_STRIP = NO;
				DEBUG_INFORMATION_FORMAT = dwarf;
				ENABLE_STRICT_OBJC_MSGSEND = YES;
				ENABLE_TESTABILITY = YES;
				ENABLE_USER_SCRIPT_SANDBOXING = YES;
				GCC_C_LANGUAGE_STANDARD = gnu17;
				GCC_DYNAMIC_NO_PIC = NO;
				GCC_NO_COMMON_BLOCKS = YES;
				GCC_OPTIMIZATION_LEVEL = 0;
				GCC_PREPROCESSOR_DEFINITIONS = (
					"DEBUG=1",
					"$(inherited)",
				);
				GCC_WARN_64_TO_32_BIT_CONVERSION = YES;
				GCC_WARN_ABOUT_RETURN_TYPE = YES_ERROR;
				GCC_WARN_UNDECLARED_SELECTOR = YES;
				GCC_WARN_UNINITIALIZED_AUTOS = YES_AGGRESSIVE;
				GCC_WARN_UNUSED_FUNCTION = YES;
				GCC_WARN_UNUSED_VARIABLE = YES;
				IPHONEOS_DEPLOYMENT_TARGET = 17.2;
				LOCALIZATION_PREFERS_STRING_CATALOGS = YES;
				MTL_ENABLE_DEBUG_INFO = INCLUDE_SOURCE;
				MTL_FAST_MATH = YES;
				ONLY_ACTIVE_ARCH = YES;
				SDKROOT = iphoneos;
				SWIFT_ACTIVE_COMPILATION_CONDITIONS = "DEBUG $(inherited)";
				SWIFT_OPTIMIZATION_LEVEL = "-Onone";
			};
			name = Debug;
		};
		31FE20422B7E9A92000F167E /* Release */ = {
			isa = XCBuildConfiguration;
			buildSettings = {
				ALWAYS_SEARCH_USER_PATHS = NO;
				ASSETCATALOG_COMPILER_GENERATE_SWIFT_ASSET_SYMBOL_EXTENSIONS = YES;
				CLANG_ANALYZER_NONNULL = YES;
				CLANG_ANALYZER_NUMBER_OBJECT_CONVERSION = YES_AGGRESSIVE;
				CLANG_CXX_LANGUAGE_STANDARD = "gnu++20";
				CLANG_ENABLE_MODULES = YES;
				CLANG_ENABLE_OBJC_ARC = YES;
				CLANG_ENABLE_OBJC_WEAK = YES;
				CLANG_WARN_BLOCK_CAPTURE_AUTORELEASING = YES;
				CLANG_WARN_BOOL_CONVERSION = YES;
				CLANG_WARN_COMMA = YES;
				CLANG_WARN_CONSTANT_CONVERSION = YES;
				CLANG_WARN_DEPRECATED_OBJC_IMPLEMENTATIONS = YES;
				CLANG_WARN_DIRECT_OBJC_ISA_USAGE = YES_ERROR;
				CLANG_WARN_DOCUMENTATION_COMMENTS = YES;
				CLANG_WARN_EMPTY_BODY = YES;
				CLANG_WARN_ENUM_CONVERSION = YES;
				CLANG_WARN_INFINITE_RECURSION = YES;
				CLANG_WARN_INT_CONVERSION = YES;
				CLANG_WARN_NON_LITERAL_NULL_CONVERSION = YES;
				CLANG_WARN_OBJC_IMPLICIT_RETAIN_SELF = YES;
				CLANG_WARN_OBJC_LITERAL_CONVERSION = YES;
				CLANG_WARN_OBJC_ROOT_CLASS = YES_ERROR;
				CLANG_WARN_QUOTED_INCLUDE_IN_FRAMEWORK_HEADER = YES;
				CLANG_WARN_RANGE_LOOP_ANALYSIS = YES;
				CLANG_WARN_STRICT_PROTOTYPES = YES;
				CLANG_WARN_SUSPICIOUS_MOVE = YES;
				CLANG_WARN_UNGUARDED_AVAILABILITY = YES_AGGRESSIVE;
				CLANG_WARN_UNREACHABLE_CODE = YES;
				CLANG_WARN__DUPLICATE_METHOD_MATCH = YES;
				COPY_PHASE_STRIP = NO;
				DEBUG_INFORMATION_FORMAT = "dwarf-with-dsym";
				ENABLE_NS_ASSERTIONS = NO;
				ENABLE_STRICT_OBJC_MSGSEND = YES;
				ENABLE_USER_SCRIPT_SANDBOXING = YES;
				GCC_C_LANGUAGE_STANDARD = gnu17;
				GCC_NO_COMMON_BLOCKS = YES;
				GCC_WARN_64_TO_32_BIT_CONVERSION = YES;
				GCC_WARN_ABOUT_RETURN_TYPE = YES_ERROR;
				GCC_WARN_UNDECLARED_SELECTOR = YES;
				GCC_WARN_UNINITIALIZED_AUTOS = YES_AGGRESSIVE;
				GCC_WARN_UNUSED_FUNCTION = YES;
				GCC_WARN_UNUSED_VARIABLE = YES;
				IPHONEOS_DEPLOYMENT_TARGET = 17.2;
				LOCALIZATION_PREFERS_STRING_CATALOGS = YES;
				MTL_ENABLE_DEBUG_INFO = NO;
				MTL_FAST_MATH = YES;
				SDKROOT = iphoneos;
				SWIFT_COMPILATION_MODE = wholemodule;
				VALIDATE_PRODUCT = YES;
			};
			name = Release;
		};
		31FE20442B7E9A92000F167E /* Debug */ = {
			isa = XCBuildConfiguration;
			buildSettings = {
				ASSETCATALOG_COMPILER_APPICON_NAME = AppIcon;
				ASSETCATALOG_COMPILER_GLOBAL_ACCENT_COLOR_NAME = AccentColor;
				ASSETCATALOG_COMPILER_INCLUDE_ALL_APPICON_ASSETS = YES;
				CODE_SIGN_STYLE = Automatic;
				CURRENT_PROJECT_VERSION = 1;
				DEBUG_MODE_STATE = YES;
				DEVELOPMENT_ASSET_PATHS = "\"HostelWorld/Preview Content\"";
				DEVELOPMENT_TEAM = 3K5BT8EBBM;
				ENABLE_PREVIEWS = YES;
				GENERATE_INFOPLIST_FILE = YES;
				INFOPLIST_FILE = HostelWorld/Info.plist;
				INFOPLIST_KEY_UIApplicationSceneManifest_Generation = YES;
				INFOPLIST_KEY_UIApplicationSupportsIndirectInputEvents = YES;
				INFOPLIST_KEY_UISupportedInterfaceOrientations = UIInterfaceOrientationPortrait;
				INFOPLIST_KEY_UISupportedInterfaceOrientations_iPad = "UIInterfaceOrientationLandscapeLeft UIInterfaceOrientationLandscapeRight UIInterfaceOrientationPortrait UIInterfaceOrientationPortraitUpsideDown";
				IPHONEOS_DEPLOYMENT_TARGET = 16.0;
				LD_RUNPATH_SEARCH_PATHS = (
					"$(inherited)",
					"@executable_path/Frameworks",
				);
				MARKETING_VERSION = 1.0;
				PRODUCT_BUNDLE_IDENTIFIER = OluwaAppCreator.HostelWorld;
				PRODUCT_NAME = "$(TARGET_NAME)";
				SUPPORTED_PLATFORMS = "iphoneos iphonesimulator";
				SUPPORTS_MACCATALYST = NO;
				SUPPORTS_MAC_DESIGNED_FOR_IPHONE_IPAD = NO;
				SUPPORTS_XR_DESIGNED_FOR_IPHONE_IPAD = NO;
				SWIFT_EMIT_LOC_STRINGS = YES;
				SWIFT_VERSION = 5.0;
				TARGETED_DEVICE_FAMILY = 1;
			};
			name = Debug;
		};
		31FE20452B7E9A92000F167E /* Release */ = {
			isa = XCBuildConfiguration;
			buildSettings = {
				ASSETCATALOG_COMPILER_APPICON_NAME = AppIcon;
				ASSETCATALOG_COMPILER_GLOBAL_ACCENT_COLOR_NAME = AccentColor;
				ASSETCATALOG_COMPILER_INCLUDE_ALL_APPICON_ASSETS = YES;
				CODE_SIGN_STYLE = Automatic;
				CURRENT_PROJECT_VERSION = 1;
				DEBUG_MODE_STATE = YES;
				DEVELOPMENT_ASSET_PATHS = "\"HostelWorld/Preview Content\"";
				DEVELOPMENT_TEAM = 3K5BT8EBBM;
				ENABLE_PREVIEWS = YES;
				GENERATE_INFOPLIST_FILE = YES;
				INFOPLIST_FILE = HostelWorld/Info.plist;
				INFOPLIST_KEY_UIApplicationSceneManifest_Generation = YES;
				INFOPLIST_KEY_UIApplicationSupportsIndirectInputEvents = YES;
				INFOPLIST_KEY_UISupportedInterfaceOrientations = UIInterfaceOrientationPortrait;
				INFOPLIST_KEY_UISupportedInterfaceOrientations_iPad = "UIInterfaceOrientationLandscapeLeft UIInterfaceOrientationLandscapeRight UIInterfaceOrientationPortrait UIInterfaceOrientationPortraitUpsideDown";
				IPHONEOS_DEPLOYMENT_TARGET = 16.0;
				LD_RUNPATH_SEARCH_PATHS = (
					"$(inherited)",
					"@executable_path/Frameworks",
				);
				MARKETING_VERSION = 1.0;
				PRODUCT_BUNDLE_IDENTIFIER = OluwaAppCreator.HostelWorld;
				PRODUCT_NAME = "$(TARGET_NAME)";
				SUPPORTED_PLATFORMS = "iphoneos iphonesimulator";
				SUPPORTS_MACCATALYST = NO;
				SUPPORTS_MAC_DESIGNED_FOR_IPHONE_IPAD = NO;
				SUPPORTS_XR_DESIGNED_FOR_IPHONE_IPAD = NO;
				SWIFT_EMIT_LOC_STRINGS = YES;
				SWIFT_VERSION = 5.0;
				TARGETED_DEVICE_FAMILY = 1;
			};
			name = Release;
		};
		31FE20472B7E9A92000F167E /* Debug */ = {
			isa = XCBuildConfiguration;
			buildSettings = {
				ALWAYS_EMBED_SWIFT_STANDARD_LIBRARIES = YES;
				BUNDLE_LOADER = "$(TEST_HOST)";
				CODE_SIGN_STYLE = Automatic;
				CURRENT_PROJECT_VERSION = 1;
				DEVELOPMENT_TEAM = 3K5BT8EBBM;
				GENERATE_INFOPLIST_FILE = YES;
				IPHONEOS_DEPLOYMENT_TARGET = 16.0;
				MARKETING_VERSION = 1.0;
				PRODUCT_BUNDLE_IDENTIFIER = OluwaAppCreator.HostelWorldTests;
				PRODUCT_NAME = "$(TARGET_NAME)";
				SWIFT_EMIT_LOC_STRINGS = NO;
				SWIFT_VERSION = 5.0;
				TARGETED_DEVICE_FAMILY = "1,2";
				TEST_HOST = "$(BUILT_PRODUCTS_DIR)/HostelWorld.app/$(BUNDLE_EXECUTABLE_FOLDER_PATH)/HostelWorld";
			};
			name = Debug;
		};
		31FE20482B7E9A92000F167E /* Release */ = {
			isa = XCBuildConfiguration;
			buildSettings = {
				ALWAYS_EMBED_SWIFT_STANDARD_LIBRARIES = YES;
				BUNDLE_LOADER = "$(TEST_HOST)";
				CODE_SIGN_STYLE = Automatic;
				CURRENT_PROJECT_VERSION = 1;
				DEVELOPMENT_TEAM = 3K5BT8EBBM;
				GENERATE_INFOPLIST_FILE = YES;
				IPHONEOS_DEPLOYMENT_TARGET = 16.0;
				MARKETING_VERSION = 1.0;
				PRODUCT_BUNDLE_IDENTIFIER = OluwaAppCreator.HostelWorldTests;
				PRODUCT_NAME = "$(TARGET_NAME)";
				SWIFT_EMIT_LOC_STRINGS = NO;
				SWIFT_VERSION = 5.0;
				TARGETED_DEVICE_FAMILY = "1,2";
				TEST_HOST = "$(BUILT_PRODUCTS_DIR)/HostelWorld.app/$(BUNDLE_EXECUTABLE_FOLDER_PATH)/HostelWorld";
			};
			name = Release;
		};
		31FE204A2B7E9A92000F167E /* Debug */ = {
			isa = XCBuildConfiguration;
			buildSettings = {
				ALWAYS_EMBED_SWIFT_STANDARD_LIBRARIES = YES;
				CODE_SIGN_STYLE = Automatic;
				CURRENT_PROJECT_VERSION = 1;
				DEVELOPMENT_TEAM = 3K5BT8EBBM;
				GENERATE_INFOPLIST_FILE = YES;
				IPHONEOS_DEPLOYMENT_TARGET = 17.2;
				MARKETING_VERSION = 1.0;
				PRODUCT_BUNDLE_IDENTIFIER = OluwaAppCreator.HostelWorldUITests;
				PRODUCT_NAME = "$(TARGET_NAME)";
				SWIFT_EMIT_LOC_STRINGS = NO;
				SWIFT_VERSION = 5.0;
				TARGETED_DEVICE_FAMILY = "1,2";
				TEST_TARGET_NAME = HostelWorld;
			};
			name = Debug;
		};
		31FE204B2B7E9A92000F167E /* Release */ = {
			isa = XCBuildConfiguration;
			buildSettings = {
				ALWAYS_EMBED_SWIFT_STANDARD_LIBRARIES = YES;
				CODE_SIGN_STYLE = Automatic;
				CURRENT_PROJECT_VERSION = 1;
				DEVELOPMENT_TEAM = 3K5BT8EBBM;
				GENERATE_INFOPLIST_FILE = YES;
				IPHONEOS_DEPLOYMENT_TARGET = 17.2;
				MARKETING_VERSION = 1.0;
				PRODUCT_BUNDLE_IDENTIFIER = OluwaAppCreator.HostelWorldUITests;
				PRODUCT_NAME = "$(TARGET_NAME)";
				SWIFT_EMIT_LOC_STRINGS = NO;
				SWIFT_VERSION = 5.0;
				TARGETED_DEVICE_FAMILY = "1,2";
				TEST_TARGET_NAME = HostelWorld;
			};
			name = Release;
		};
/* End XCBuildConfiguration section */

/* Begin XCConfigurationList section */
		31FE201A2B7E9A8F000F167E /* Build configuration list for PBXProject "HostelWorld" */ = {
			isa = XCConfigurationList;
			buildConfigurations = (
				31FE20412B7E9A92000F167E /* Debug */,
				31FE20422B7E9A92000F167E /* Release */,
			);
			defaultConfigurationIsVisible = 0;
			defaultConfigurationName = Release;
		};
		31FE20432B7E9A92000F167E /* Build configuration list for PBXNativeTarget "HostelWorld" */ = {
			isa = XCConfigurationList;
			buildConfigurations = (
				31FE20442B7E9A92000F167E /* Debug */,
				31FE20452B7E9A92000F167E /* Release */,
			);
			defaultConfigurationIsVisible = 0;
			defaultConfigurationName = Release;
		};
		31FE20462B7E9A92000F167E /* Build configuration list for PBXNativeTarget "HostelWorldTests" */ = {
			isa = XCConfigurationList;
			buildConfigurations = (
				31FE20472B7E9A92000F167E /* Debug */,
				31FE20482B7E9A92000F167E /* Release */,
			);
			defaultConfigurationIsVisible = 0;
			defaultConfigurationName = Release;
		};
		31FE20492B7E9A92000F167E /* Build configuration list for PBXNativeTarget "HostelWorldUITests" */ = {
			isa = XCConfigurationList;
			buildConfigurations = (
				31FE204A2B7E9A92000F167E /* Debug */,
				31FE204B2B7E9A92000F167E /* Release */,
			);
			defaultConfigurationIsVisible = 0;
			defaultConfigurationName = Release;
		};
/* End XCConfigurationList section */

/* Begin XCRemoteSwiftPackageReference section */
		31BE93232B7EAB28003981E2 /* XCRemoteSwiftPackageReference "realm-swift" */ = {
			isa = XCRemoteSwiftPackageReference;
			repositoryURL = "https://github.com/realm/realm-swift";
			requirement = {
				branch = master;
				kind = branch;
			};
		};
/* End XCRemoteSwiftPackageReference section */

/* Begin XCSwiftPackageProductDependency section */
		31BE93242B7EAB28003981E2 /* Realm */ = {
			isa = XCSwiftPackageProductDependency;
			package = 31BE93232B7EAB28003981E2 /* XCRemoteSwiftPackageReference "realm-swift" */;
			productName = Realm;
		};
		31BE93262B7EAB28003981E2 /* RealmSwift */ = {
			isa = XCSwiftPackageProductDependency;
			package = 31BE93232B7EAB28003981E2 /* XCRemoteSwiftPackageReference "realm-swift" */;
			productName = RealmSwift;
		};
/* End XCSwiftPackageProductDependency section */
	};
	rootObject = 31FE20172B7E9A8F000F167E /* Project object */;
}
