// !$*UTF8*$!
{
	archiveVersion = 1;
	classes = {
	};
	objectVersion = 56;
	objects = {

/* Begin PBXBuildFile section */
		31BE93042B7E9CD3003981E2 /* APIConstants.swift in Sources */ = {isa = PBXBuildFile; fileRef = 31BE93032B7E9CD3003981E2 /* APIConstants.swift */; };
		31BE93072B7E9F51003981E2 /* HWEndpoints.swift in Sources */ = {isa = PBXBuildFile; fileRef = 31BE93062B7E9F51003981E2 /* HWEndpoints.swift */; };
		31BE930A2B7E9FED003981E2 /* EndPointType.swift in Sources */ = {isa = PBXBuildFile; fileRef = 31BE93092B7E9FED003981E2 /* EndPointType.swift */; };
		31BE930C2B7EA01C003981E2 /* HTTPMethod.swift in Sources */ = {isa = PBXBuildFile; fileRef = 31BE930B2B7EA01C003981E2 /* HTTPMethod.swift */; };
		31BE930E2B7EA04F003981E2 /* HTTPTask.swift in Sources */ = {isa = PBXBuildFile; fileRef = 31BE930D2B7EA04F003981E2 /* HTTPTask.swift */; };
		31BE93102B7EA07F003981E2 /* NetworkLogger.swift in Sources */ = {isa = PBXBuildFile; fileRef = 31BE930F2B7EA07F003981E2 /* NetworkLogger.swift */; };
		31BE93132B7EA0E9003981E2 /* URLParameterEncoding.swift in Sources */ = {isa = PBXBuildFile; fileRef = 31BE93122B7EA0E9003981E2 /* URLParameterEncoding.swift */; };
		31BE93152B7EA118003981E2 /* ParameterEncoding.swift in Sources */ = {isa = PBXBuildFile; fileRef = 31BE93142B7EA118003981E2 /* ParameterEncoding.swift */; };
		31BE93172B7EA1D7003981E2 /* JSONParameterEncoder.swift in Sources */ = {isa = PBXBuildFile; fileRef = 31BE93162B7EA1D7003981E2 /* JSONParameterEncoder.swift */; };
		31BE93192B7EA592003981E2 /* Router.swift in Sources */ = {isa = PBXBuildFile; fileRef = 31BE93182B7EA592003981E2 /* Router.swift */; };
		31BE931D2B7EA93A003981E2 /* NetworkManager.swift in Sources */ = {isa = PBXBuildFile; fileRef = 31BE931C2B7EA93A003981E2 /* NetworkManager.swift */; };
		31BE931F2B7EA952003981E2 /* NetworkManagerProtocol.swift in Sources */ = {isa = PBXBuildFile; fileRef = 31BE931E2B7EA952003981E2 /* NetworkManagerProtocol.swift */; };
		31BE93222B7EAA95003981E2 /* CityProperties.swift in Sources */ = {isa = PBXBuildFile; fileRef = 31BE93212B7EAA95003981E2 /* CityProperties.swift */; };
		31BE93252B7EAB28003981E2 /* Realm in Frameworks */ = {isa = PBXBuildFile; productRef = 31BE93242B7EAB28003981E2 /* Realm */; };
		31BE93272B7EAB28003981E2 /* RealmSwift in Frameworks */ = {isa = PBXBuildFile; productRef = 31BE93262B7EAB28003981E2 /* RealmSwift */; };
		31BE93292B7EAB8C003981E2 /* CityProperty.swift in Sources */ = {isa = PBXBuildFile; fileRef = 31BE93282B7EAB8C003981E2 /* CityProperty.swift */; };
		31BE932B2B7EABFF003981E2 /* City.swift in Sources */ = {isa = PBXBuildFile; fileRef = 31BE932A2B7EABFF003981E2 /* City.swift */; };
		31BE932D2B7EAC6F003981E2 /* PropertyImage.swift in Sources */ = {isa = PBXBuildFile; fileRef = 31BE932C2B7EAC6F003981E2 /* PropertyImage.swift */; };
		31BE932F2B7EACD2003981E2 /* OverallRating.swift in Sources */ = {isa = PBXBuildFile; fileRef = 31BE932E2B7EACD2003981E2 /* OverallRating.swift */; };
		31BE93332B7EB0E5003981E2 /* Decodable+Extension.swift in Sources */ = {isa = PBXBuildFile; fileRef = 31BE93322B7EB0E5003981E2 /* Decodable+Extension.swift */; };
		31BE93362B7EB158003981E2 /* SingleProperty.swift in Sources */ = {isa = PBXBuildFile; fileRef = 31BE93352B7EB158003981E2 /* SingleProperty.swift */; };
		31BE93382B7EB3E9003981E2 /* CheckIn.swift in Sources */ = {isa = PBXBuildFile; fileRef = 31BE93372B7EB3E9003981E2 /* CheckIn.swift */; };
		31BE933C2B7EB7A0003981E2 /* Rating.swift in Sources */ = {isa = PBXBuildFile; fileRef = 31BE933B2B7EB7A0003981E2 /* Rating.swift */; };
		31BE933F2B7EBA31003981E2 /* PropertiesViewModel.swift in Sources */ = {isa = PBXBuildFile; fileRef = 31BE933E2B7EBA31003981E2 /* PropertiesViewModel.swift */; };
		31FE20232B7E9A8F000F167E /* HostelWorldApp.swift in Sources */ = {isa = PBXBuildFile; fileRef = 31FE20222B7E9A8F000F167E /* HostelWorldApp.swift */; };
		31FE20252B7E9A8F000F167E /* ContentView.swift in Sources */ = {isa = PBXBuildFile; fileRef = 31FE20242B7E9A8F000F167E /* ContentView.swift */; };
		31FE20272B7E9A92000F167E /* Assets.xcassets in Resources */ = {isa = PBXBuildFile; fileRef = 31FE20262B7E9A92000F167E /* Assets.xcassets */; };
		31FE202A2B7E9A92000F167E /* Preview Assets.xcassets in Resources */ = {isa = PBXBuildFile; fileRef = 31FE20292B7E9A92000F167E /* Preview Assets.xcassets */; };
		31FE20342B7E9A92000F167E /* HostelWorldTests.swift in Sources */ = {isa = PBXBuildFile; fileRef = 31FE20332B7E9A92000F167E /* HostelWorldTests.swift */; };
		31FE203E2B7E9A92000F167E /* HostelWorldUITests.swift in Sources */ = {isa = PBXBuildFile; fileRef = 31FE203D2B7E9A92000F167E /* HostelWorldUITests.swift */; };
		31FE20402B7E9A92000F167E /* HostelWorldUITestsLaunchTests.swift in Sources */ = {isa = PBXBuildFile; fileRef = 31FE203F2B7E9A92000F167E /* HostelWorldUITestsLaunchTests.swift */; };
/* End PBXBuildFile section */

/* Begin PBXContainerItemProxy section */
		31FE20302B7E9A92000F167E /* PBXContainerItemProxy */ = {
			isa = PBXContainerItemProxy;
			containerPortal = 31FE20172B7E9A8F000F167E /* Project object */;
			proxyType = 1;
			remoteGlobalIDString = 31FE201E2B7E9A8F000F167E;
			remoteInfo = HostelWorld;
		};
		31FE203A2B7E9A92000F167E /* PBXContainerItemProxy */ = {
			isa = PBXContainerItemProxy;
			containerPortal = 31FE20172B7E9A8F000F167E /* Project object */;
			proxyType = 1;
			remoteGlobalIDString = 31FE201E2B7E9A8F000F167E;
			remoteInfo = HostelWorld;
		};
/* End PBXContainerItemProxy section */

/* Begin PBXFileReference section */
		31BE93032B7E9CD3003981E2 /* APIConstants.swift */ = {isa = PBXFileReference; lastKnownFileType = sourcecode.swift; path = APIConstants.swift; sourceTree = "<group>"; };
		31BE93062B7E9F51003981E2 /* HWEndpoints.swift */ = {isa = PBXFileReference; lastKnownFileType = sourcecode.swift; path = HWEndpoints.swift; sourceTree = "<group>"; };
		31BE93092B7E9FED003981E2 /* EndPointType.swift */ = {isa = PBXFileReference; lastKnownFileType = sourcecode.swift; path = EndPointType.swift; sourceTree = "<group>"; };
		31BE930B2B7EA01C003981E2 /* HTTPMethod.swift */ = {isa = PBXFileReference; lastKnownFileType = sourcecode.swift; path = HTTPMethod.swift; sourceTree = "<group>"; };
		31BE930D2B7EA04F003981E2 /* HTTPTask.swift */ = {isa = PBXFileReference; lastKnownFileType = sourcecode.swift; path = HTTPTask.swift; sourceTree = "<group>"; };
		31BE930F2B7EA07F003981E2 /* NetworkLogger.swift */ = {isa = PBXFileReference; lastKnownFileType = sourcecode.swift; path = NetworkLogger.swift; sourceTree = "<group>"; };
		31BE93122B7EA0E9003981E2 /* URLParameterEncoding.swift */ = {isa = PBXFileReference; lastKnownFileType = sourcecode.swift; path = URLParameterEncoding.swift; sourceTree = "<group>"; };
		31BE93142B7EA118003981E2 /* ParameterEncoding.swift */ = {isa = PBXFileReference; lastKnownFileType = sourcecode.swift; path = ParameterEncoding.swift; sourceTree = "<group>"; };
		31BE93162B7EA1D7003981E2 /* JSONParameterEncoder.swift */ = {isa = PBXFileReference; lastKnownFileType = sourcecode.swift; path = JSONParameterEncoder.swift; sourceTree = "<group>"; };
		31BE93182B7EA592003981E2 /* Router.swift */ = {isa = PBXFileReference; lastKnownFileType = sourcecode.swift; path = Router.swift; sourceTree = "<group>"; };
		31BE931C2B7EA93A003981E2 /* NetworkManager.swift */ = {isa = PBXFileReference; lastKnownFileType = sourcecode.swift; path = NetworkManager.swift; sourceTree = "<group>"; };
		31BE931E2B7EA952003981E2 /* NetworkManagerProtocol.swift */ = {isa = PBXFileReference; lastKnownFileType = sourcecode.swift; path = NetworkManagerProtocol.swift; sourceTree = "<group>"; };
		31BE93212B7EAA95003981E2 /* CityProperties.swift */ = {isa = PBXFileReference; lastKnownFileType = sourcecode.swift; path = CityProperties.swift; sourceTree = "<group>"; };
		31BE93282B7EAB8C003981E2 /* CityProperty.swift */ = {isa = PBXFileReference; lastKnownFileType = sourcecode.swift; path = CityProperty.swift; sourceTree = "<group>"; };
		31BE932A2B7EABFF003981E2 /* City.swift */ = {isa = PBXFileReference; lastKnownFileType = sourcecode.swift; path = City.swift; sourceTree = "<group>"; };
		31BE932C2B7EAC6F003981E2 /* PropertyImage.swift */ = {isa = PBXFileReference; lastKnownFileType = sourcecode.swift; path = PropertyImage.swift; sourceTree = "<group>"; };
		31BE932E2B7EACD2003981E2 /* OverallRating.swift */ = {isa = PBXFileReference; lastKnownFileType = sourcecode.swift; path = OverallRating.swift; sourceTree = "<group>"; };
		31BE93322B7EB0E5003981E2 /* Decodable+Extension.swift */ = {isa = PBXFileReference; lastKnownFileType = sourcecode.swift; path = "Decodable+Extension.swift"; sourceTree = "<group>"; };
		31BE93352B7EB158003981E2 /* SingleProperty.swift */ = {isa = PBXFileReference; lastKnownFileType = sourcecode.swift; path = SingleProperty.swift; sourceTree = "<group>"; };
		31BE93372B7EB3E9003981E2 /* CheckIn.swift */ = {isa = PBXFileReference; lastKnownFileType = sourcecode.swift; path = CheckIn.swift; sourceTree = "<group>"; };
		31BE933B2B7EB7A0003981E2 /* Rating.swift */ = {isa = PBXFileReference; lastKnownFileType = sourcecode.swift; path = Rating.swift; sourceTree = "<group>"; };
		31BE933E2B7EBA31003981E2 /* PropertiesViewModel.swift */ = {isa = PBXFileReference; lastKnownFileType = sourcecode.swift; path = PropertiesViewModel.swift; sourceTree = "<group>"; };
		31BE93402B7EBEDE003981E2 /* Info.plist */ = {isa = PBXFileReference; lastKnownFileType = text.plist; path = Info.plist; sourceTree = "<group>"; };
		31FE201F2B7E9A8F000F167E /* HostelWorld.app */ = {isa = PBXFileReference; explicitFileType = wrapper.application; includeInIndex = 0; path = HostelWorld.app; sourceTree = BUILT_PRODUCTS_DIR; };
		31FE20222B7E9A8F000F167E /* HostelWorldApp.swift */ = {isa = PBXFileReference; lastKnownFileType = sourcecode.swift; path = HostelWorldApp.swift; sourceTree = "<group>"; };
		31FE20242B7E9A8F000F167E /* ContentView.swift */ = {isa = PBXFileReference; lastKnownFileType = sourcecode.swift; path = ContentView.swift; sourceTree = "<group>"; };
		31FE20262B7E9A92000F167E /* Assets.xcassets */ = {isa = PBXFileReference; lastKnownFileType = folder.assetcatalog; path = Assets.xcassets; sourceTree = "<group>"; };
		31FE20292B7E9A92000F167E /* Preview Assets.xcassets */ = {isa = PBXFileReference; lastKnownFileType = folder.assetcatalog; path = "Preview Assets.xcassets"; sourceTree = "<group>"; };
		31FE202F2B7E9A92000F167E /* HostelWorldTests.xctest */ = {isa = PBXFileReference; explicitFileType = wrapper.cfbundle; includeInIndex = 0; path = HostelWorldTests.xctest; sourceTree = BUILT_PRODUCTS_DIR; };
		31FE20332B7E9A92000F167E /* HostelWorldTests.swift */ = {isa = PBXFileReference; lastKnownFileType = sourcecode.swift; path = HostelWorldTests.swift; sourceTree = "<group>"; };
		31FE20392B7E9A92000F167E /* HostelWorldUITests.xctest */ = {isa = PBXFileReference; explicitFileType = wrapper.cfbundle; includeInIndex = 0; path = HostelWorldUITests.xctest; sourceTree = BUILT_PRODUCTS_DIR; };
		31FE203D2B7E9A92000F167E /* HostelWorldUITests.swift */ = {isa = PBXFileReference; lastKnownFileType = sourcecode.swift; path = HostelWorldUITests.swift; sourceTree = "<group>"; };
		31FE203F2B7E9A92000F167E /* HostelWorldUITestsLaunchTests.swift */ = {isa = PBXFileReference; lastKnownFileType = sourcecode.swift; path = HostelWorldUITestsLaunchTests.swift; sourceTree = "<group>"; };
/* End PBXFileReference section */

/* Begin PBXFrameworksBuildPhase section */
		31FE201C2B7E9A8F000F167E /* Frameworks */ = {
			isa = PBXFrameworksBuildPhase;
			buildActionMask = 2147483647;
			files = (
				31BE93272B7EAB28003981E2 /* RealmSwift in Frameworks */,
				31BE93252B7EAB28003981E2 /* Realm in Frameworks */,
			);
			runOnlyForDeploymentPostprocessing = 0;
		};
		31FE202C2B7E9A92000F167E /* Frameworks */ = {
			isa = PBXFrameworksBuildPhase;
			buildActionMask = 2147483647;
			files = (
			);
			runOnlyForDeploymentPostprocessing = 0;
		};
		31FE20362B7E9A92000F167E /* Frameworks */ = {
			isa = PBXFrameworksBuildPhase;
			buildActionMask = 2147483647;
			files = (
			);
			runOnlyForDeploymentPostprocessing = 0;
		};
/* End PBXFrameworksBuildPhase section */

/* Begin PBXGroup section */
		31BE93052B7E9F3D003981E2 /* EndPoint */ = {
			isa = PBXGroup;
			children = (
				31BE93062B7E9F51003981E2 /* HWEndpoints.swift */,
			);
			path = EndPoint;
			sourceTree = "<group>";
		};
		31BE93082B7E9FD2003981E2 /* Service */ = {
			isa = PBXGroup;
			children = (
				31BE93092B7E9FED003981E2 /* EndPointType.swift */,
				31BE930B2B7EA01C003981E2 /* HTTPMethod.swift */,
				31BE930D2B7EA04F003981E2 /* HTTPTask.swift */,
				31BE930F2B7EA07F003981E2 /* NetworkLogger.swift */,
				31BE93182B7EA592003981E2 /* Router.swift */,
			);
			path = Service;
			sourceTree = "<group>";
		};
		31BE93112B7EA0C7003981E2 /* Encoding */ = {
			isa = PBXGroup;
			children = (
				31BE93122B7EA0E9003981E2 /* URLParameterEncoding.swift */,
				31BE93142B7EA118003981E2 /* ParameterEncoding.swift */,
				31BE93162B7EA1D7003981E2 /* JSONParameterEncoder.swift */,
			);
			path = Encoding;
			sourceTree = "<group>";
		};
		31BE931A2B7EA8C2003981E2 /* Manager */ = {
			isa = PBXGroup;
			children = (
				31BE931C2B7EA93A003981E2 /* NetworkManager.swift */,
				31BE931E2B7EA952003981E2 /* NetworkManagerProtocol.swift */,
			);
			path = Manager;
			sourceTree = "<group>";
		};
		31BE931B2B7EA8D6003981E2 /* Network Manager */ = {
			isa = PBXGroup;
			children = (
				31FE204C2B7E9B43000F167E /* Constants */,
				31BE93052B7E9F3D003981E2 /* EndPoint */,
				31BE93082B7E9FD2003981E2 /* Service */,
				31BE93112B7EA0C7003981E2 /* Encoding */,
				31BE931A2B7EA8C2003981E2 /* Manager */,
			);
			path = "Network Manager";
			sourceTree = "<group>";
		};
		31BE93202B7EAA7A003981E2 /* Models */ = {
			isa = PBXGroup;
			children = (
				31BE93342B7EB120003981E2 /* Property */,
				31BE93302B7EACF1003981E2 /* CityPropertyList */,
			);
			path = Models;
			sourceTree = "<group>";
		};
		31BE93302B7EACF1003981E2 /* CityPropertyList */ = {
			isa = PBXGroup;
			children = (
				31BE932A2B7EABFF003981E2 /* City.swift */,
				31BE93282B7EAB8C003981E2 /* CityProperty.swift */,
				31BE932C2B7EAC6F003981E2 /* PropertyImage.swift */,
				31BE932E2B7EACD2003981E2 /* OverallRating.swift */,
				31BE93212B7EAA95003981E2 /* CityProperties.swift */,
			);
			path = CityPropertyList;
			sourceTree = "<group>";
		};
		31BE93312B7EB0C3003981E2 /* Utils */ = {
			isa = PBXGroup;
			children = (
				31BE93322B7EB0E5003981E2 /* Decodable+Extension.swift */,
			);
			path = Utils;
			sourceTree = "<group>";
		};
		31BE93342B7EB120003981E2 /* Property */ = {
			isa = PBXGroup;
			children = (
				31BE93352B7EB158003981E2 /* SingleProperty.swift */,
				31BE93372B7EB3E9003981E2 /* CheckIn.swift */,
				31BE933B2B7EB7A0003981E2 /* Rating.swift */,
			);
			path = Property;
			sourceTree = "<group>";
		};
		31BE933D2B7EBA16003981E2 /* ViewModel */ = {
			isa = PBXGroup;
			children = (
				31BE933E2B7EBA31003981E2 /* PropertiesViewModel.swift */,
			);
			path = ViewModel;
			sourceTree = "<group>";
		};
		31FE20162B7E9A8F000F167E = {
			isa = PBXGroup;
			children = (
				31FE20212B7E9A8F000F167E /* HostelWorld */,
				31FE20322B7E9A92000F167E /* HostelWorldTests */,
				31FE203C2B7E9A92000F167E /* HostelWorldUITests */,
				31FE20202B7E9A8F000F167E /* Products */,
			);
			sourceTree = "<group>";
		};
		31FE20202B7E9A8F000F167E /* Products */ = {
			isa = PBXGroup;
			children = (
				31FE201F2B7E9A8F000F167E /* HostelWorld.app */,
				31FE202F2B7E9A92000F167E /* HostelWorldTests.xctest */,
				31FE20392B7E9A92000F167E /* HostelWorldUITests.xctest */,
			);
			name = Products;
			sourceTree = "<group>";
		};
		31FE20212B7E9A8F000F167E /* HostelWorld */ = {
			isa = PBXGroup;
			children = (
				31BE93402B7EBEDE003981E2 /* Info.plist */,
				31BE93312B7EB0C3003981E2 /* Utils */,
				31BE93202B7EAA7A003981E2 /* Models */,
				31BE931B2B7EA8D6003981E2 /* Network Manager */,
				31BE933D2B7EBA16003981E2 /* ViewModel */,
				31FE20222B7E9A8F000F167E /* HostelWorldApp.swift */,
				31FE20242B7E9A8F000F167E /* ContentView.swift */,
				31FE20262B7E9A92000F167E /* Assets.xcassets */,
				31FE20282B7E9A92000F167E /* Preview Content */,
			);
			path = HostelWorld;
			sourceTree = "<group>";
		};
		31FE20282B7E9A92000F167E /* Preview Content */ = {
			isa = PBXGroup;
			children = (
				31FE20292B7E9A92000F167E /* Preview Assets.xcassets */,
			);
			path = "Preview Content";
			sourceTree = "<group>";
		};
		31FE20322B7E9A92000F167E /* HostelWorldTests */ = {
			isa = PBXGroup;
			children = (
				31FE20332B7E9A92000F167E /* HostelWorldTests.swift */,
			);
			path = HostelWorldTests;
			sourceTree = "<group>";
		};
		31FE203C2B7E9A92000F167E /* HostelWorldUITests */ = {
			isa = PBXGroup;
			children = (
				31FE203D2B7E9A92000F167E /* HostelWorldUITests.swift */,
				31FE203F2B7E9A92000F167E /* HostelWorldUITestsLaunchTests.swift */,
			);
			path = HostelWorldUITests;
			sourceTree = "<group>";
		};
		31FE204C2B7E9B43000F167E /* Constants */ = {
			isa = PBXGroup;
			children = (
				31BE93032B7E9CD3003981E2 /* APIConstants.swift */,
			);
			path = Constants;
			sourceTree = "<group>";
		};
/* End PBXGroup section */

/* Begin PBXNativeTarget section */
		31FE201E2B7E9A8F000F167E /* HostelWorld */ = {
			isa = PBXNativeTarget;
			buildConfigurationList = 31FE20432B7E9A92000F167E /* Build configuration list for PBXNativeTarget "HostelWorld" */;
			buildPhases = (
				31FE201B2B7E9A8F000F167E /* Sources */,
				31FE201C2B7E9A8F000F167E /* Frameworks */,
				31FE201D2B7E9A8F000F167E /* Resources */,
			);
			buildRules = (
			);
			dependencies = (
			);
			name = HostelWorld;
			packageProductDependencies = (
				31BE93242B7EAB28003981E2 /* Realm */,
				31BE93262B7EAB28003981E2 /* RealmSwift */,
			);
			productName = HostelWorld;
			productReference = 31FE201F2B7E9A8F000F167E /* HostelWorld.app */;
			productType = "com.apple.product-type.application";
		};
		31FE202E2B7E9A92000F167E /* HostelWorldTests */ = {
			isa = PBXNativeTarget;
			buildConfigurationList = 31FE20462B7E9A92000F167E /* Build configuration list for PBXNativeTarget "HostelWorldTests" */;
			buildPhases = (
				31FE202B2B7E9A92000F167E /* Sources */,
				31FE202C2B7E9A92000F167E /* Frameworks */,
				31FE202D2B7E9A92000F167E /* Resources */,
			);
			buildRules = (
			);
			dependencies = (
				31FE20312B7E9A92000F167E /* PBXTargetDependency */,
			);
			name = HostelWorldTests;
			productName = HostelWorldTests;
			productReference = 31FE202F2B7E9A92000F167E /* HostelWorldTests.xctest */;
			productType = "com.apple.product-type.bundle.unit-test";
		};
		31FE20382B7E9A92000F167E /* HostelWorldUITests */ = {
			isa = PBXNativeTarget;
			buildConfigurationList = 31FE20492B7E9A92000F167E /* Build configuration list for PBXNativeTarget "HostelWorldUITests" */;
			buildPhases = (
				31FE20352B7E9A92000F167E /* Sources */,
				31FE20362B7E9A92000F167E /* Frameworks */,
				31FE20372B7E9A92000F167E /* Resources */,
			);
			buildRules = (
			);
			dependencies = (
				31FE203B2B7E9A92000F167E /* PBXTargetDependency */,
			);
			name = HostelWorldUITests;
			productName = HostelWorldUITests;
			productReference = 31FE20392B7E9A92000F167E /* HostelWorldUITests.xctest */;
			productType = "com.apple.product-type.bundle.ui-testing";
		};
/* End PBXNativeTarget section */

/* Begin PBXProject section */
		31FE20172B7E9A8F000F167E /* Project object */ = {
			isa = PBXProject;
			attributes = {
				BuildIndependentTargetsInParallel = 1;
				LastSwiftUpdateCheck = 1520;
				LastUpgradeCheck = 1520;
				TargetAttributes = {
					31FE201E2B7E9A8F000F167E = {
						CreatedOnToolsVersion = 15.2;
					};
					31FE202E2B7E9A92000F167E = {
						CreatedOnToolsVersion = 15.2;
						TestTargetID = 31FE201E2B7E9A8F000F167E;
					};
					31FE20382B7E9A92000F167E = {
						CreatedOnToolsVersion = 15.2;
						TestTargetID = 31FE201E2B7E9A8F000F167E;
					};
				};
			};
			buildConfigurationList = 31FE201A2B7E9A8F000F167E /* Build configuration list for PBXProject "HostelWorld" */;
			compatibilityVersion = "Xcode 14.0";
			developmentRegion = en;
			hasScannedForEncodings = 0;
			knownRegions = (
				en,
				Base,
			);
			mainGroup = 31FE20162B7E9A8F000F167E;
			packageReferences = (
				31BE93232B7EAB28003981E2 /* XCRemoteSwiftPackageReference "realm-swift" */,
			);
			productRefGroup = 31FE20202B7E9A8F000F167E /* Products */;
			projectDirPath = "";
			projectRoot = "";
			targets = (
				31FE201E2B7E9A8F000F167E /* HostelWorld */,
				31FE202E2B7E9A92000F167E /* HostelWorldTests */,
				31FE20382B7E9A92000F167E /* HostelWorldUITests */,
			);
		};
/* End PBXProject section */

/* Begin PBXResourcesBuildPhase section */
		31FE201D2B7E9A8F000F167E /* Resources */ = {
			isa = PBXResourcesBuildPhase;
			buildActionMask = 2147483647;
			files = (
				31FE202A2B7E9A92000F167E /* Preview Assets.xcassets in Resources */,
				31FE20272B7E9A92000F167E /* Assets.xcassets in Resources */,
			);
			runOnlyForDeploymentPostprocessing = 0;
		};
		31FE202D2B7E9A92000F167E /* Resources */ = {
			isa = PBXResourcesBuildPhase;
			buildActionMask = 2147483647;
			files = (
			);
			runOnlyForDeploymentPostprocessing = 0;
		};
		31FE20372B7E9A92000F167E /* Resources */ = {
			isa = PBXResourcesBuildPhase;
			buildActionMask = 2147483647;
			files = (
			);
			runOnlyForDeploymentPostprocessing = 0;
		};
/* End PBXResourcesBuildPhase section */

/* Begin PBXSourcesBuildPhase section */
		31FE201B2B7E9A8F000F167E /* Sources */ = {
			isa = PBXSourcesBuildPhase;
			buildActionMask = 2147483647;
			files = (
				31BE93102B7EA07F003981E2 /* NetworkLogger.swift in Sources */,
				31BE930E2B7EA04F003981E2 /* HTTPTask.swift in Sources */,
				31BE93362B7EB158003981E2 /* SingleProperty.swift in Sources */,
				31BE93222B7EAA95003981E2 /* CityProperties.swift in Sources */,
				31BE93332B7EB0E5003981E2 /* Decodable+Extension.swift in Sources */,
				31BE931F2B7EA952003981E2 /* NetworkManagerProtocol.swift in Sources */,
				31BE93152B7EA118003981E2 /* ParameterEncoding.swift in Sources */,
				31BE93382B7EB3E9003981E2 /* CheckIn.swift in Sources */,
				31BE931D2B7EA93A003981E2 /* NetworkManager.swift in Sources */,
				31FE20252B7E9A8F000F167E /* ContentView.swift in Sources */,
				31BE93192B7EA592003981E2 /* Router.swift in Sources */,
				31BE93172B7EA1D7003981E2 /* JSONParameterEncoder.swift in Sources */,
				31BE932B2B7EABFF003981E2 /* City.swift in Sources */,
				31FE20232B7E9A8F000F167E /* HostelWorldApp.swift in Sources */,
				31BE930C2B7EA01C003981E2 /* HTTPMethod.swift in Sources */,
				31BE93292B7EAB8C003981E2 /* CityProperty.swift in Sources */,
				31BE932D2B7EAC6F003981E2 /* PropertyImage.swift in Sources */,
				31BE93042B7E9CD3003981E2 /* APIConstants.swift in Sources */,
				31BE930A2B7E9FED003981E2 /* EndPointType.swift in Sources */,
				31BE933C2B7EB7A0003981E2 /* Rating.swift in Sources */,
				31BE932F2B7EACD2003981E2 /* OverallRating.swift in Sources */,
				31BE933F2B7EBA31003981E2 /* PropertiesViewModel.swift in Sources */,
				31BE93132B7EA0E9003981E2 /* URLParameterEncoding.swift in Sources */,
				31BE93072B7E9F51003981E2 /* HWEndpoints.swift in Sources */,
			);
			runOnlyForDeploymentPostprocessing = 0;
		};
		31FE202B2B7E9A92000F167E /* Sources */ = {
			isa = PBXSourcesBuildPhase;
			buildActionMask = 2147483647;
			files = (
				31FE20342B7E9A92000F167E /* HostelWorldTests.swift in Sources */,
			);
			runOnlyForDeploymentPostprocessing = 0;
		};
		31FE20352B7E9A92000F167E /* Sources */ = {
			isa = PBXSourcesBuildPhase;
			buildActionMask = 2147483647;
			files = (
				31FE20402B7E9A92000F167E /* HostelWorldUITestsLaunchTests.swift in Sources */,
				31FE203E2B7E9A92000F167E /* HostelWorldUITests.swift in Sources */,
			);
			runOnlyForDeploymentPostprocessing = 0;
		};
/* End PBXSourcesBuildPhase section */

/* Begin PBXTargetDependency section */
		31FE20312B7E9A92000F167E /* PBXTargetDependency */ = {
			isa = PBXTargetDependency;
			target = 31FE201E2B7E9A8F000F167E /* HostelWorld */;
			targetProxy = 31FE20302B7E9A92000F167E /* PBXContainerItemProxy */;
		};
		31FE203B2B7E9A92000F167E /* PBXTargetDependency */ = {
			isa = PBXTargetDependency;
			target = 31FE201E2B7E9A8F000F167E /* HostelWorld */;
			targetProxy = 31FE203A2B7E9A92000F167E /* PBXContainerItemProxy */;
		};
/* End PBXTargetDependency section */

/* Begin XCBuildConfiguration section */
		31FE20412B7E9A92000F167E /* Debug */ = {
			isa = XCBuildConfiguration;
			buildSettings = {
				ALWAYS_SEARCH_USER_PATHS = NO;
				ASSETCATALOG_COMPILER_GENERATE_SWIFT_ASSET_SYMBOL_EXTENSIONS = YES;
				CLANG_ANALYZER_NONNULL = YES;
				CLANG_ANALYZER_NUMBER_OBJECT_CONVERSION = YES_AGGRESSIVE;
				CLANG_CXX_LANGUAGE_STANDARD = "gnu++20";
				CLANG_ENABLE_MODULES = YES;
				CLANG_ENABLE_OBJC_ARC = YES;
				CLANG_ENABLE_OBJC_WEAK = YES;
				CLANG_WARN_BLOCK_CAPTURE_AUTORELEASING = YES;
				CLANG_WARN_BOOL_CONVERSION = YES;
				CLANG_WARN_COMMA = YES;
				CLANG_WARN_CONSTANT_CONVERSION = YES;
				CLANG_WARN_DEPRECATED_OBJC_IMPLEMENTATIONS = YES;
				CLANG_WARN_DIRECT_OBJC_ISA_USAGE = YES_ERROR;
				CLANG_WARN_DOCUMENTATION_COMMENTS = YES;
				CLANG_WARN_EMPTY_BODY = YES;
				CLANG_WARN_ENUM_CONVERSION = YES;
				CLANG_WARN_INFINITE_RECURSION = YES;
				CLANG_WARN_INT_CONVERSION = YES;
				CLANG_WARN_NON_LITERAL_NULL_CONVERSION = YES;
				CLANG_WARN_OBJC_IMPLICIT_RETAIN_SELF = YES;
				CLANG_WARN_OBJC_LITERAL_CONVERSION = YES;
				CLANG_WARN_OBJC_ROOT_CLASS = YES_ERROR;
				CLANG_WARN_QUOTED_INCLUDE_IN_FRAMEWORK_HEADER = YES;
				CLANG_WARN_RANGE_LOOP_ANALYSIS = YES;
				CLANG_WARN_STRICT_PROTOTYPES = YES;
				CLANG_WARN_SUSPICIOUS_MOVE = YES;
				CLANG_WARN_UNGUARDED_AVAILABILITY = YES_AGGRESSIVE;
				CLANG_WARN_UNREACHABLE_CODE = YES;
				CLANG_WARN__DUPLICATE_METHOD_MATCH = YES;
				COPY_PHASE_STRIP = NO;
				DEBUG_INFORMATION_FORMAT = dwarf;
				ENABLE_STRICT_OBJC_MSGSEND = YES;
				ENABLE_TESTABILITY = YES;
				ENABLE_USER_SCRIPT_SANDBOXING = YES;
				GCC_C_LANGUAGE_STANDARD = gnu17;
				GCC_DYNAMIC_NO_PIC = NO;
				GCC_NO_COMMON_BLOCKS = YES;
				GCC_OPTIMIZATION_LEVEL = 0;
				GCC_PREPROCESSOR_DEFINITIONS = (
					"DEBUG=1",
					"$(inherited)",
				);
				GCC_WARN_64_TO_32_BIT_CONVERSION = YES;
				GCC_WARN_ABOUT_RETURN_TYPE = YES_ERROR;
				GCC_WARN_UNDECLARED_SELECTOR = YES;
				GCC_WARN_UNINITIALIZED_AUTOS = YES_AGGRESSIVE;
				GCC_WARN_UNUSED_FUNCTION = YES;
				GCC_WARN_UNUSED_VARIABLE = YES;
				IPHONEOS_DEPLOYMENT_TARGET = 17.2;
				LOCALIZATION_PREFERS_STRING_CATALOGS = YES;
				MTL_ENABLE_DEBUG_INFO = INCLUDE_SOURCE;
				MTL_FAST_MATH = YES;
				ONLY_ACTIVE_ARCH = YES;
				SDKROOT = iphoneos;
				SWIFT_ACTIVE_COMPILATION_CONDITIONS = "DEBUG $(inherited)";
				SWIFT_OPTIMIZATION_LEVEL = "-Onone";
			};
			name = Debug;
		};
		31FE20422B7E9A92000F167E /* Release */ = {
			isa = XCBuildConfiguration;
			buildSettings = {
				ALWAYS_SEARCH_USER_PATHS = NO;
				ASSETCATALOG_COMPILER_GENERATE_SWIFT_ASSET_SYMBOL_EXTENSIONS = YES;
				CLANG_ANALYZER_NONNULL = YES;
				CLANG_ANALYZER_NUMBER_OBJECT_CONVERSION = YES_AGGRESSIVE;
				CLANG_CXX_LANGUAGE_STANDARD = "gnu++20";
				CLANG_ENABLE_MODULES = YES;
				CLANG_ENABLE_OBJC_ARC = YES;
				CLANG_ENABLE_OBJC_WEAK = YES;
				CLANG_WARN_BLOCK_CAPTURE_AUTORELEASING = YES;
				CLANG_WARN_BOOL_CONVERSION = YES;
				CLANG_WARN_COMMA = YES;
				CLANG_WARN_CONSTANT_CONVERSION = YES;
				CLANG_WARN_DEPRECATED_OBJC_IMPLEMENTATIONS = YES;
				CLANG_WARN_DIRECT_OBJC_ISA_USAGE = YES_ERROR;
				CLANG_WARN_DOCUMENTATION_COMMENTS = YES;
				CLANG_WARN_EMPTY_BODY = YES;
				CLANG_WARN_ENUM_CONVERSION = YES;
				CLANG_WARN_INFINITE_RECURSION = YES;
				CLANG_WARN_INT_CONVERSION = YES;
				CLANG_WARN_NON_LITERAL_NULL_CONVERSION = YES;
				CLANG_WARN_OBJC_IMPLICIT_RETAIN_SELF = YES;
				CLANG_WARN_OBJC_LITERAL_CONVERSION = YES;
				CLANG_WARN_OBJC_ROOT_CLASS = YES_ERROR;
				CLANG_WARN_QUOTED_INCLUDE_IN_FRAMEWORK_HEADER = YES;
				CLANG_WARN_RANGE_LOOP_ANALYSIS = YES;
				CLANG_WARN_STRICT_PROTOTYPES = YES;
				CLANG_WARN_SUSPICIOUS_MOVE = YES;
				CLANG_WARN_UNGUARDED_AVAILABILITY = YES_AGGRESSIVE;
				CLANG_WARN_UNREACHABLE_CODE = YES;
				CLANG_WARN__DUPLICATE_METHOD_MATCH = YES;
				COPY_PHASE_STRIP = NO;
				DEBUG_INFORMATION_FORMAT = "dwarf-with-dsym";
				ENABLE_NS_ASSERTIONS = NO;
				ENABLE_STRICT_OBJC_MSGSEND = YES;
				ENABLE_USER_SCRIPT_SANDBOXING = YES;
				GCC_C_LANGUAGE_STANDARD = gnu17;
				GCC_NO_COMMON_BLOCKS = YES;
				GCC_WARN_64_TO_32_BIT_CONVERSION = YES;
				GCC_WARN_ABOUT_RETURN_TYPE = YES_ERROR;
				GCC_WARN_UNDECLARED_SELECTOR = YES;
				GCC_WARN_UNINITIALIZED_AUTOS = YES_AGGRESSIVE;
				GCC_WARN_UNUSED_FUNCTION = YES;
				GCC_WARN_UNUSED_VARIABLE = YES;
				IPHONEOS_DEPLOYMENT_TARGET = 17.2;
				LOCALIZATION_PREFERS_STRING_CATALOGS = YES;
				MTL_ENABLE_DEBUG_INFO = NO;
				MTL_FAST_MATH = YES;
				SDKROOT = iphoneos;
				SWIFT_COMPILATION_MODE = wholemodule;
				VALIDATE_PRODUCT = YES;
			};
			name = Release;
		};
		31FE20442B7E9A92000F167E /* Debug */ = {
			isa = XCBuildConfiguration;
			buildSettings = {
				ASSETCATALOG_COMPILER_APPICON_NAME = AppIcon;
				ASSETCATALOG_COMPILER_GLOBAL_ACCENT_COLOR_NAME = AccentColor;
				CODE_SIGN_STYLE = Automatic;
				CURRENT_PROJECT_VERSION = 1;
				DEBUG_MODE_STATE = YES;
				DEVELOPMENT_ASSET_PATHS = "\"HostelWorld/Preview Content\"";
				DEVELOPMENT_TEAM = 3K5BT8EBBM;
				ENABLE_PREVIEWS = YES;
				GENERATE_INFOPLIST_FILE = YES;
				INFOPLIST_FILE = HostelWorld/Info.plist;
				INFOPLIST_KEY_UIApplicationSceneManifest_Generation = YES;
				INFOPLIST_KEY_UIApplicationSupportsIndirectInputEvents = YES;
				INFOPLIST_KEY_UILaunchScreen_Generation = YES;
				INFOPLIST_KEY_UISupportedInterfaceOrientations = UIInterfaceOrientationPortrait;
				INFOPLIST_KEY_UISupportedInterfaceOrientations_iPad = "UIInterfaceOrientationLandscapeLeft UIInterfaceOrientationLandscapeRight UIInterfaceOrientationPortrait UIInterfaceOrientationPortraitUpsideDown";
				LD_RUNPATH_SEARCH_PATHS = (
					"$(inherited)",
					"@executable_path/Frameworks",
				);
				MARKETING_VERSION = 1.0;
				PRODUCT_BUNDLE_IDENTIFIER = OluwaAppCreator.HostelWorld;
				PRODUCT_NAME = "$(TARGET_NAME)";
				SUPPORTED_PLATFORMS = "iphoneos iphonesimulator";
				SUPPORTS_MACCATALYST = NO;
				SUPPORTS_MAC_DESIGNED_FOR_IPHONE_IPAD = NO;
				SUPPORTS_XR_DESIGNED_FOR_IPHONE_IPAD = NO;
				SWIFT_EMIT_LOC_STRINGS = YES;
				SWIFT_VERSION = 5.0;
				TARGETED_DEVICE_FAMILY = 1;
			};
			name = Debug;
		};
		31FE20452B7E9A92000F167E /* Release */ = {
			isa = XCBuildConfiguration;
			buildSettings = {
				ASSETCATALOG_COMPILER_APPICON_NAME = AppIcon;
				ASSETCATALOG_COMPILER_GLOBAL_ACCENT_COLOR_NAME = AccentColor;
				CODE_SIGN_STYLE = Automatic;
				CURRENT_PROJECT_VERSION = 1;
				DEBUG_MODE_STATE = YES;
				DEVELOPMENT_ASSET_PATHS = "\"HostelWorld/Preview Content\"";
				DEVELOPMENT_TEAM = 3K5BT8EBBM;
				ENABLE_PREVIEWS = YES;
				GENERATE_INFOPLIST_FILE = YES;
				INFOPLIST_FILE = HostelWorld/Info.plist;
				INFOPLIST_KEY_UIApplicationSceneManifest_Generation = YES;
				INFOPLIST_KEY_UIApplicationSupportsIndirectInputEvents = YES;
				INFOPLIST_KEY_UILaunchScreen_Generation = YES;
				INFOPLIST_KEY_UISupportedInterfaceOrientations = UIInterfaceOrientationPortrait;
				INFOPLIST_KEY_UISupportedInterfaceOrientations_iPad = "UIInterfaceOrientationLandscapeLeft UIInterfaceOrientationLandscapeRight UIInterfaceOrientationPortrait UIInterfaceOrientationPortraitUpsideDown";
				LD_RUNPATH_SEARCH_PATHS = (
					"$(inherited)",
					"@executable_path/Frameworks",
				);
				MARKETING_VERSION = 1.0;
				PRODUCT_BUNDLE_IDENTIFIER = OluwaAppCreator.HostelWorld;
				PRODUCT_NAME = "$(TARGET_NAME)";
				SUPPORTED_PLATFORMS = "iphoneos iphonesimulator";
				SUPPORTS_MACCATALYST = NO;
				SUPPORTS_MAC_DESIGNED_FOR_IPHONE_IPAD = NO;
				SUPPORTS_XR_DESIGNED_FOR_IPHONE_IPAD = NO;
				SWIFT_EMIT_LOC_STRINGS = YES;
				SWIFT_VERSION = 5.0;
				TARGETED_DEVICE_FAMILY = 1;
			};
			name = Release;
		};
		31FE20472B7E9A92000F167E /* Debug */ = {
			isa = XCBuildConfiguration;
			buildSettings = {
				ALWAYS_EMBED_SWIFT_STANDARD_LIBRARIES = YES;
				BUNDLE_LOADER = "$(TEST_HOST)";
				CODE_SIGN_STYLE = Automatic;
				CURRENT_PROJECT_VERSION = 1;
				DEVELOPMENT_TEAM = 3K5BT8EBBM;
				GENERATE_INFOPLIST_FILE = YES;
				IPHONEOS_DEPLOYMENT_TARGET = 17.2;
				MARKETING_VERSION = 1.0;
				PRODUCT_BUNDLE_IDENTIFIER = OluwaAppCreator.HostelWorldTests;
				PRODUCT_NAME = "$(TARGET_NAME)";
				SWIFT_EMIT_LOC_STRINGS = NO;
				SWIFT_VERSION = 5.0;
				TARGETED_DEVICE_FAMILY = "1,2";
				TEST_HOST = "$(BUILT_PRODUCTS_DIR)/HostelWorld.app/$(BUNDLE_EXECUTABLE_FOLDER_PATH)/HostelWorld";
			};
			name = Debug;
		};
		31FE20482B7E9A92000F167E /* Release */ = {
			isa = XCBuildConfiguration;
			buildSettings = {
				ALWAYS_EMBED_SWIFT_STANDARD_LIBRARIES = YES;
				BUNDLE_LOADER = "$(TEST_HOST)";
				CODE_SIGN_STYLE = Automatic;
				CURRENT_PROJECT_VERSION = 1;
				DEVELOPMENT_TEAM = 3K5BT8EBBM;
				GENERATE_INFOPLIST_FILE = YES;
				IPHONEOS_DEPLOYMENT_TARGET = 17.2;
				MARKETING_VERSION = 1.0;
				PRODUCT_BUNDLE_IDENTIFIER = OluwaAppCreator.HostelWorldTests;
				PRODUCT_NAME = "$(TARGET_NAME)";
				SWIFT_EMIT_LOC_STRINGS = NO;
				SWIFT_VERSION = 5.0;
				TARGETED_DEVICE_FAMILY = "1,2";
				TEST_HOST = "$(BUILT_PRODUCTS_DIR)/HostelWorld.app/$(BUNDLE_EXECUTABLE_FOLDER_PATH)/HostelWorld";
			};
			name = Release;
		};
		31FE204A2B7E9A92000F167E /* Debug */ = {
			isa = XCBuildConfiguration;
			buildSettings = {
				ALWAYS_EMBED_SWIFT_STANDARD_LIBRARIES = YES;
				CODE_SIGN_STYLE = Automatic;
				CURRENT_PROJECT_VERSION = 1;
				DEVELOPMENT_TEAM = 3K5BT8EBBM;
				GENERATE_INFOPLIST_FILE = YES;
				MARKETING_VERSION = 1.0;
				PRODUCT_BUNDLE_IDENTIFIER = OluwaAppCreator.HostelWorldUITests;
				PRODUCT_NAME = "$(TARGET_NAME)";
				SWIFT_EMIT_LOC_STRINGS = NO;
				SWIFT_VERSION = 5.0;
				TARGETED_DEVICE_FAMILY = "1,2";
				TEST_TARGET_NAME = HostelWorld;
			};
			name = Debug;
		};
		31FE204B2B7E9A92000F167E /* Release */ = {
			isa = XCBuildConfiguration;
			buildSettings = {
				ALWAYS_EMBED_SWIFT_STANDARD_LIBRARIES = YES;
				CODE_SIGN_STYLE = Automatic;
				CURRENT_PROJECT_VERSION = 1;
				DEVELOPMENT_TEAM = 3K5BT8EBBM;
				GENERATE_INFOPLIST_FILE = YES;
				MARKETING_VERSION = 1.0;
				PRODUCT_BUNDLE_IDENTIFIER = OluwaAppCreator.HostelWorldUITests;
				PRODUCT_NAME = "$(TARGET_NAME)";
				SWIFT_EMIT_LOC_STRINGS = NO;
				SWIFT_VERSION = 5.0;
				TARGETED_DEVICE_FAMILY = "1,2";
				TEST_TARGET_NAME = HostelWorld;
			};
			name = Release;
		};
/* End XCBuildConfiguration section */

/* Begin XCConfigurationList section */
		31FE201A2B7E9A8F000F167E /* Build configuration list for PBXProject "HostelWorld" */ = {
			isa = XCConfigurationList;
			buildConfigurations = (
				31FE20412B7E9A92000F167E /* Debug */,
				31FE20422B7E9A92000F167E /* Release */,
			);
			defaultConfigurationIsVisible = 0;
			defaultConfigurationName = Release;
		};
		31FE20432B7E9A92000F167E /* Build configuration list for PBXNativeTarget "HostelWorld" */ = {
			isa = XCConfigurationList;
			buildConfigurations = (
				31FE20442B7E9A92000F167E /* Debug */,
				31FE20452B7E9A92000F167E /* Release */,
			);
			defaultConfigurationIsVisible = 0;
			defaultConfigurationName = Release;
		};
		31FE20462B7E9A92000F167E /* Build configuration list for PBXNativeTarget "HostelWorldTests" */ = {
			isa = XCConfigurationList;
			buildConfigurations = (
				31FE20472B7E9A92000F167E /* Debug */,
				31FE20482B7E9A92000F167E /* Release */,
			);
			defaultConfigurationIsVisible = 0;
			defaultConfigurationName = Release;
		};
		31FE20492B7E9A92000F167E /* Build configuration list for PBXNativeTarget "HostelWorldUITests" */ = {
			isa = XCConfigurationList;
			buildConfigurations = (
				31FE204A2B7E9A92000F167E /* Debug */,
				31FE204B2B7E9A92000F167E /* Release */,
			);
			defaultConfigurationIsVisible = 0;
			defaultConfigurationName = Release;
		};
/* End XCConfigurationList section */

/* Begin XCRemoteSwiftPackageReference section */
		31BE93232B7EAB28003981E2 /* XCRemoteSwiftPackageReference "realm-swift" */ = {
			isa = XCRemoteSwiftPackageReference;
			repositoryURL = "https://github.com/realm/realm-swift";
			requirement = {
				branch = master;
				kind = branch;
			};
		};
/* End XCRemoteSwiftPackageReference section */

/* Begin XCSwiftPackageProductDependency section */
		31BE93242B7EAB28003981E2 /* Realm */ = {
			isa = XCSwiftPackageProductDependency;
			package = 31BE93232B7EAB28003981E2 /* XCRemoteSwiftPackageReference "realm-swift" */;
			productName = Realm;
		};
		31BE93262B7EAB28003981E2 /* RealmSwift */ = {
			isa = XCSwiftPackageProductDependency;
			package = 31BE93232B7EAB28003981E2 /* XCRemoteSwiftPackageReference "realm-swift" */;
			productName = RealmSwift;
		};
/* End XCSwiftPackageProductDependency section */
	};
	rootObject = 31FE20172B7E9A8F000F167E /* Project object */;
}
